// !$*UTF8*$!
{
	archiveVersion = 1;
	classes = {
	};
	objectVersion = 46;
	objects = {

/* Begin PBXBuildFile section */
		1A0014EA1A156A5E003430E9 /* bb.png in Resources */ = {isa = PBXBuildFile; fileRef = 1A0014E91A156A5E003430E9 /* bb.png */; };
		1A0014ED1A157C0F003430E9 /* CCARadialGradientLayer.m in Sources */ = {isa = PBXBuildFile; fileRef = 1A0014EC1A157C0F003430E9 /* CCARadialGradientLayer.m */; };
		1A076DB91A0FE20900CD725A /* main.m in Sources */ = {isa = PBXBuildFile; fileRef = 1A076DB81A0FE20900CD725A /* main.m */; };
		1A076DBC1A0FE20900CD725A /* AppDelegate.m in Sources */ = {isa = PBXBuildFile; fileRef = 1A076DBB1A0FE20900CD725A /* AppDelegate.m */; };
		1A076DBF1A0FE20900CD725A /* ViewController.m in Sources */ = {isa = PBXBuildFile; fileRef = 1A076DBE1A0FE20900CD725A /* ViewController.m */; };
		1A076DC21A0FE20900CD725A /* Main.storyboard in Resources */ = {isa = PBXBuildFile; fileRef = 1A076DC01A0FE20900CD725A /* Main.storyboard */; };
		1A076DC41A0FE20900CD725A /* Images.xcassets in Resources */ = {isa = PBXBuildFile; fileRef = 1A076DC31A0FE20900CD725A /* Images.xcassets */; };
		1A076DC71A0FE20900CD725A /* LaunchScreen.xib in Resources */ = {isa = PBXBuildFile; fileRef = 1A076DC51A0FE20900CD725A /* LaunchScreen.xib */; };
		1A076DD31A0FE20900CD725A /* SharListTests.m in Sources */ = {isa = PBXBuildFile; fileRef = 1A076DD21A0FE20900CD725A /* SharListTests.m */; };
		1A076DDF1A102B1C00CD725A /* appBG.png in Resources */ = {isa = PBXBuildFile; fileRef = 1A076DDE1A102B1C00CD725A /* appBG.png */; };
		1A0A045D1A12A58400B6F844 /* appBG-2.png in Resources */ = {isa = PBXBuildFile; fileRef = 1A0A045C1A12A58400B6F844 /* appBG-2.png */; };
		1A130A9E1A227ED600CB16F2 /* lens-icon.png in Resources */ = {isa = PBXBuildFile; fileRef = 1A130A9D1A227ED600CB16F2 /* lens-icon.png */; };
		1A1D6E451A1099C00090C598 /* SettingsViewController.m in Sources */ = {isa = PBXBuildFile; fileRef = 1A1D6E441A1099C00090C598 /* SettingsViewController.m */; };
		1A1D6E481A10AE930090C598 /* api.json in Resources */ = {isa = PBXBuildFile; fileRef = 1A1D6E471A10AE930090C598 /* api.json */; };
		1A2696F31A1D4396002ADC57 /* triangles-bg@2x.png in Resources */ = {isa = PBXBuildFile; fileRef = 1A2696F21A1D4396002ADC57 /* triangles-bg@2x.png */; };
		1A2696F51A1D443F002ADC57 /* triangles-bg.png in Resources */ = {isa = PBXBuildFile; fileRef = 1A2696F41A1D443F002ADC57 /* triangles-bg.png */; };
		1A3C227C1A113069005B31E4 /* DetailsMediaViewController.m in Sources */ = {isa = PBXBuildFile; fileRef = 1A3C227B1A113069005B31E4 /* DetailsMediaViewController.m */; };
		1A3C227F1A114027005B31E4 /* UserTaste.xcdatamodeld in Sources */ = {isa = PBXBuildFile; fileRef = 1A3C227D1A114027005B31E4 /* UserTaste.xcdatamodeld */; };
		1A3C22821A114339005B31E4 /* UserTaste.m in Sources */ = {isa = PBXBuildFile; fileRef = 1A3C22811A114339005B31E4 /* UserTaste.m */; };
		1A3C228A1A118098005B31E4 /* reveal-icon.png in Resources */ = {isa = PBXBuildFile; fileRef = 1A3C22881A118098005B31E4 /* reveal-icon.png */; };
		1A3C228B1A118098005B31E4 /* reveal-icon@2x.png in Resources */ = {isa = PBXBuildFile; fileRef = 1A3C22891A118098005B31E4 /* reveal-icon@2x.png */; };
		1A3C228F1A11AAAC005B31E4 /* invisible-bg.png in Resources */ = {isa = PBXBuildFile; fileRef = 1A3C228E1A11AAAC005B31E4 /* invisible-bg.png */; };
		1A4953D41A1EBB9500A0C232 /* ShopButton.m in Sources */ = {isa = PBXBuildFile; fileRef = 1A4953D31A1EBB9500A0C232 /* ShopButton.m */; };
		1A7B09DF1A10DBFB00FA2766 /* ShareListMediaTableViewCell.m in Sources */ = {isa = PBXBuildFile; fileRef = 1A7B09DE1A10DBFB00FA2766 /* ShareListMediaTableViewCell.m */; };
		C972540DD50E496DAA79453E /* libPods-SharList.a in Frameworks */ = {isa = PBXBuildFile; fileRef = C05C0F3990854370BFE3C1AC /* libPods-SharList.a */; };
/* End PBXBuildFile section */

/* Begin PBXContainerItemProxy section */
		1A076DCD1A0FE20900CD725A /* PBXContainerItemProxy */ = {
			isa = PBXContainerItemProxy;
			containerPortal = 1A076DAB1A0FE20900CD725A /* Project object */;
			proxyType = 1;
			remoteGlobalIDString = 1A076DB21A0FE20900CD725A;
			remoteInfo = SharList;
		};
/* End PBXContainerItemProxy section */

/* Begin PBXFileReference section */
		1A0014E91A156A5E003430E9 /* bb.png */ = {isa = PBXFileReference; lastKnownFileType = image.png; path = bb.png; sourceTree = "<group>"; };
		1A0014EB1A157C0F003430E9 /* CCARadialGradientLayer.h */ = {isa = PBXFileReference; fileEncoding = 4; lastKnownFileType = sourcecode.c.h; path = CCARadialGradientLayer.h; sourceTree = "<group>"; };
		1A0014EC1A157C0F003430E9 /* CCARadialGradientLayer.m */ = {isa = PBXFileReference; fileEncoding = 4; lastKnownFileType = sourcecode.c.objc; path = CCARadialGradientLayer.m; sourceTree = "<group>"; };
		1A076DB31A0FE20900CD725A /* SharList.app */ = {isa = PBXFileReference; explicitFileType = wrapper.application; includeInIndex = 0; path = SharList.app; sourceTree = BUILT_PRODUCTS_DIR; };
		1A076DB71A0FE20900CD725A /* Info.plist */ = {isa = PBXFileReference; lastKnownFileType = text.plist.xml; path = Info.plist; sourceTree = "<group>"; };
		1A076DB81A0FE20900CD725A /* main.m */ = {isa = PBXFileReference; lastKnownFileType = sourcecode.c.objc; path = main.m; sourceTree = "<group>"; };
		1A076DBA1A0FE20900CD725A /* AppDelegate.h */ = {isa = PBXFileReference; lastKnownFileType = sourcecode.c.h; path = AppDelegate.h; sourceTree = "<group>"; };
		1A076DBB1A0FE20900CD725A /* AppDelegate.m */ = {isa = PBXFileReference; lastKnownFileType = sourcecode.c.objc; path = AppDelegate.m; sourceTree = "<group>"; };
		1A076DBD1A0FE20900CD725A /* ViewController.h */ = {isa = PBXFileReference; lastKnownFileType = sourcecode.c.h; path = ViewController.h; sourceTree = "<group>"; };
		1A076DBE1A0FE20900CD725A /* ViewController.m */ = {isa = PBXFileReference; lastKnownFileType = sourcecode.c.objc; path = ViewController.m; sourceTree = "<group>"; };
		1A076DC11A0FE20900CD725A /* Base */ = {isa = PBXFileReference; lastKnownFileType = file.storyboard; name = Base; path = Base.lproj/Main.storyboard; sourceTree = "<group>"; };
		1A076DC31A0FE20900CD725A /* Images.xcassets */ = {isa = PBXFileReference; lastKnownFileType = folder.assetcatalog; path = Images.xcassets; sourceTree = "<group>"; };
		1A076DC61A0FE20900CD725A /* Base */ = {isa = PBXFileReference; lastKnownFileType = file.xib; name = Base; path = Base.lproj/LaunchScreen.xib; sourceTree = "<group>"; };
		1A076DCC1A0FE20900CD725A /* SharListTests.xctest */ = {isa = PBXFileReference; explicitFileType = wrapper.cfbundle; includeInIndex = 0; path = SharListTests.xctest; sourceTree = BUILT_PRODUCTS_DIR; };
		1A076DD11A0FE20900CD725A /* Info.plist */ = {isa = PBXFileReference; lastKnownFileType = text.plist.xml; path = Info.plist; sourceTree = "<group>"; };
		1A076DD21A0FE20900CD725A /* SharListTests.m */ = {isa = PBXFileReference; lastKnownFileType = sourcecode.c.objc; path = SharListTests.m; sourceTree = "<group>"; };
		1A076DDE1A102B1C00CD725A /* appBG.png */ = {isa = PBXFileReference; lastKnownFileType = image.png; path = appBG.png; sourceTree = "<group>"; };
		1A0A045C1A12A58400B6F844 /* appBG-2.png */ = {isa = PBXFileReference; lastKnownFileType = image.png; path = "appBG-2.png"; sourceTree = "<group>"; };
		1A130A9D1A227ED600CB16F2 /* lens-icon.png */ = {isa = PBXFileReference; lastKnownFileType = image.png; path = "lens-icon.png"; sourceTree = "<group>"; };
		1A1D6E431A1099C00090C598 /* SettingsViewController.h */ = {isa = PBXFileReference; fileEncoding = 4; lastKnownFileType = sourcecode.c.h; path = SettingsViewController.h; sourceTree = "<group>"; };
		1A1D6E441A1099C00090C598 /* SettingsViewController.m */ = {isa = PBXFileReference; fileEncoding = 4; lastKnownFileType = sourcecode.c.objc; path = SettingsViewController.m; sourceTree = "<group>"; };
		1A1D6E471A10AE930090C598 /* api.json */ = {isa = PBXFileReference; fileEncoding = 4; lastKnownFileType = text.json; path = api.json; sourceTree = "<group>"; };
		1A2696F21A1D4396002ADC57 /* triangles-bg@2x.png */ = {isa = PBXFileReference; lastKnownFileType = image.png; path = "triangles-bg@2x.png"; sourceTree = "<group>"; };
		1A2696F41A1D443F002ADC57 /* triangles-bg.png */ = {isa = PBXFileReference; lastKnownFileType = image.png; path = "triangles-bg.png"; sourceTree = "<group>"; };
		1A3C227A1A113069005B31E4 /* DetailsMediaViewController.h */ = {isa = PBXFileReference; fileEncoding = 4; lastKnownFileType = sourcecode.c.h; path = DetailsMediaViewController.h; sourceTree = "<group>"; };
		1A3C227B1A113069005B31E4 /* DetailsMediaViewController.m */ = {isa = PBXFileReference; fileEncoding = 4; lastKnownFileType = sourcecode.c.objc; path = DetailsMediaViewController.m; sourceTree = "<group>"; };
		1A3C227E1A114027005B31E4 /* UserTaste.xcdatamodel */ = {isa = PBXFileReference; lastKnownFileType = wrapper.xcdatamodel; path = UserTaste.xcdatamodel; sourceTree = "<group>"; };
		1A3C22801A114339005B31E4 /* UserTaste.h */ = {isa = PBXFileReference; fileEncoding = 4; lastKnownFileType = sourcecode.c.h; path = UserTaste.h; sourceTree = "<group>"; };
		1A3C22811A114339005B31E4 /* UserTaste.m */ = {isa = PBXFileReference; fileEncoding = 4; lastKnownFileType = sourcecode.c.objc; path = UserTaste.m; sourceTree = "<group>"; };
		1A3C22841A1147CC005B31E4 /* PrefixHeader.pch */ = {isa = PBXFileReference; lastKnownFileType = sourcecode.c.h; path = PrefixHeader.pch; sourceTree = "<group>"; };
		1A3C22881A118098005B31E4 /* reveal-icon.png */ = {isa = PBXFileReference; lastKnownFileType = image.png; path = "reveal-icon.png"; sourceTree = "<group>"; };
		1A3C22891A118098005B31E4 /* reveal-icon@2x.png */ = {isa = PBXFileReference; lastKnownFileType = image.png; path = "reveal-icon@2x.png"; sourceTree = "<group>"; };
		1A3C228E1A11AAAC005B31E4 /* invisible-bg.png */ = {isa = PBXFileReference; lastKnownFileType = image.png; path = "invisible-bg.png"; sourceTree = "<group>"; };
		1A4953D21A1EBB9500A0C232 /* ShopButton.h */ = {isa = PBXFileReference; fileEncoding = 4; lastKnownFileType = sourcecode.c.h; path = ShopButton.h; sourceTree = "<group>"; };
		1A4953D31A1EBB9500A0C232 /* ShopButton.m */ = {isa = PBXFileReference; fileEncoding = 4; lastKnownFileType = sourcecode.c.objc; path = ShopButton.m; sourceTree = "<group>"; };
		1A7B09DD1A10DBFB00FA2766 /* ShareListMediaTableViewCell.h */ = {isa = PBXFileReference; fileEncoding = 4; lastKnownFileType = sourcecode.c.h; path = ShareListMediaTableViewCell.h; sourceTree = "<group>"; };
		1A7B09DE1A10DBFB00FA2766 /* ShareListMediaTableViewCell.m */ = {isa = PBXFileReference; fileEncoding = 4; lastKnownFileType = sourcecode.c.objc; path = ShareListMediaTableViewCell.m; sourceTree = "<group>"; };
		A1973845151A40A393F3C152 /* Pods-SharList.xcconfig */ = {isa = PBXFileReference; includeInIndex = 1; lastKnownFileType = text.xcconfig; name = "Pods-SharList.xcconfig"; path = "Pods/Pods-SharList.xcconfig"; sourceTree = "<group>"; };
		C05C0F3990854370BFE3C1AC /* libPods-SharList.a */ = {isa = PBXFileReference; explicitFileType = archive.ar; includeInIndex = 0; path = "libPods-SharList.a"; sourceTree = BUILT_PRODUCTS_DIR; };
/* End PBXFileReference section */

/* Begin PBXFrameworksBuildPhase section */
		1A076DB01A0FE20900CD725A /* Frameworks */ = {
			isa = PBXFrameworksBuildPhase;
			buildActionMask = 2147483647;
			files = (
				C972540DD50E496DAA79453E /* libPods-SharList.a in Frameworks */,
			);
			runOnlyForDeploymentPostprocessing = 0;
		};
		1A076DC91A0FE20900CD725A /* Frameworks */ = {
			isa = PBXFrameworksBuildPhase;
			buildActionMask = 2147483647;
			files = (
			);
			runOnlyForDeploymentPostprocessing = 0;
		};
/* End PBXFrameworksBuildPhase section */

/* Begin PBXGroup section */
		1A0014EE1A15819A003430E9 /* Vendors */ = {
			isa = PBXGroup;
			children = (
				1A0014EB1A157C0F003430E9 /* CCARadialGradientLayer.h */,
				1A0014EC1A157C0F003430E9 /* CCARadialGradientLayer.m */,
			);
			name = Vendors;
			sourceTree = "<group>";
		};
		1A076DAA1A0FE20900CD725A = {
			isa = PBXGroup;
			children = (
				1A076DB51A0FE20900CD725A /* SharList */,
				1A076DCF1A0FE20900CD725A /* SharListTests */,
				1A076DB41A0FE20900CD725A /* Products */,
				A1973845151A40A393F3C152 /* Pods-SharList.xcconfig */,
				58C2B6CA8DD147B7BE564C25 /* Frameworks */,
			);
			sourceTree = "<group>";
		};
		1A076DB41A0FE20900CD725A /* Products */ = {
			isa = PBXGroup;
			children = (
				1A076DB31A0FE20900CD725A /* SharList.app */,
				1A076DCC1A0FE20900CD725A /* SharListTests.xctest */,
			);
			name = Products;
			sourceTree = "<group>";
		};
		1A076DB51A0FE20900CD725A /* SharList */ = {
			isa = PBXGroup;
			children = (
				1A076DBA1A0FE20900CD725A /* AppDelegate.h */,
				1A076DBB1A0FE20900CD725A /* AppDelegate.m */,
				1A3C22791A11303E005B31E4 /* DetailsMediaViewController */,
				1A7B09DC1A10DBCD00FA2766 /* CustomViews */,
				1A076DDD1A102B0B00CD725A /* Images */,
				1A1D6E461A1099C60090C598 /* SettingsVieWControllerViewController */,
				1A3C22831A114345005B31E4 /* CoreData */,
				1A076DDC1A10113000CD725A /* FirstViewController */,
				1A0014EE1A15819A003430E9 /* Vendors */,
				1A3C22841A1147CC005B31E4 /* PrefixHeader.pch */,
				1A076DC01A0FE20900CD725A /* Main.storyboard */,
				1A076DC31A0FE20900CD725A /* Images.xcassets */,
				1A076DC51A0FE20900CD725A /* LaunchScreen.xib */,
				1A1D6E471A10AE930090C598 /* api.json */,
				1A076DB61A0FE20900CD725A /* Supporting Files */,
			);
			path = SharList;
			sourceTree = "<group>";
		};
		1A076DB61A0FE20900CD725A /* Supporting Files */ = {
			isa = PBXGroup;
			children = (
				1A076DB71A0FE20900CD725A /* Info.plist */,
				1A076DB81A0FE20900CD725A /* main.m */,
			);
			name = "Supporting Files";
			sourceTree = "<group>";
		};
		1A076DCF1A0FE20900CD725A /* SharListTests */ = {
			isa = PBXGroup;
			children = (
				1A076DD21A0FE20900CD725A /* SharListTests.m */,
				1A076DD01A0FE20900CD725A /* Supporting Files */,
			);
			path = SharListTests;
			sourceTree = "<group>";
		};
		1A076DD01A0FE20900CD725A /* Supporting Files */ = {
			isa = PBXGroup;
			children = (
				1A076DD11A0FE20900CD725A /* Info.plist */,
			);
			name = "Supporting Files";
			sourceTree = "<group>";
		};
		1A076DDC1A10113000CD725A /* FirstViewController */ = {
			isa = PBXGroup;
			children = (
				1A076DBD1A0FE20900CD725A /* ViewController.h */,
				1A076DBE1A0FE20900CD725A /* ViewController.m */,
			);
			name = FirstViewController;
			sourceTree = "<group>";
		};
		1A076DDD1A102B0B00CD725A /* Images */ = {
			isa = PBXGroup;
			children = (
				1A130A9D1A227ED600CB16F2 /* lens-icon.png */,
				1A2696F41A1D443F002ADC57 /* triangles-bg.png */,
				1A2696F21A1D4396002ADC57 /* triangles-bg@2x.png */,
				1A3C22881A118098005B31E4 /* reveal-icon.png */,
				1A3C22891A118098005B31E4 /* reveal-icon@2x.png */,
				1A0A045C1A12A58400B6F844 /* appBG-2.png */,
				1A076DDE1A102B1C00CD725A /* appBG.png */,
				1A3C228E1A11AAAC005B31E4 /* invisible-bg.png */,
				1A0014E91A156A5E003430E9 /* bb.png */,
			);
			name = Images;
			sourceTree = "<group>";
		};
		1A1D6E461A1099C60090C598 /* SettingsVieWControllerViewController */ = {
			isa = PBXGroup;
			children = (
				1A1D6E431A1099C00090C598 /* SettingsViewController.h */,
				1A1D6E441A1099C00090C598 /* SettingsViewController.m */,
			);
			name = SettingsVieWControllerViewController;
			sourceTree = "<group>";
		};
		1A3C22791A11303E005B31E4 /* DetailsMediaViewController */ = {
			isa = PBXGroup;
			children = (
				1A3C227A1A113069005B31E4 /* DetailsMediaViewController.h */,
				1A3C227B1A113069005B31E4 /* DetailsMediaViewController.m */,
			);
			name = DetailsMediaViewController;
			sourceTree = "<group>";
		};
		1A3C22831A114345005B31E4 /* CoreData */ = {
			isa = PBXGroup;
			children = (
				1A3C227D1A114027005B31E4 /* UserTaste.xcdatamodeld */,
				1A3C22801A114339005B31E4 /* UserTaste.h */,
				1A3C22811A114339005B31E4 /* UserTaste.m */,
			);
			name = CoreData;
			sourceTree = "<group>";
		};
		1A7B09DC1A10DBCD00FA2766 /* CustomViews */ = {
			isa = PBXGroup;
			children = (
				1A4953D21A1EBB9500A0C232 /* ShopButton.h */,
				1A4953D31A1EBB9500A0C232 /* ShopButton.m */,
				1A7B09DD1A10DBFB00FA2766 /* ShareListMediaTableViewCell.h */,
				1A7B09DE1A10DBFB00FA2766 /* ShareListMediaTableViewCell.m */,
			);
			name = CustomViews;
			sourceTree = "<group>";
		};
		58C2B6CA8DD147B7BE564C25 /* Frameworks */ = {
			isa = PBXGroup;
			children = (
				C05C0F3990854370BFE3C1AC /* libPods-SharList.a */,
			);
			name = Frameworks;
			sourceTree = "<group>";
		};
/* End PBXGroup section */

/* Begin PBXNativeTarget section */
		1A076DB21A0FE20900CD725A /* SharList */ = {
			isa = PBXNativeTarget;
			buildConfigurationList = 1A076DD61A0FE20900CD725A /* Build configuration list for PBXNativeTarget "SharList" */;
			buildPhases = (
				5A4BC7B221B341E8BB285858 /* Check Pods Manifest.lock */,
				1A076DAF1A0FE20900CD725A /* Sources */,
				1A076DB01A0FE20900CD725A /* Frameworks */,
				1A076DB11A0FE20900CD725A /* Resources */,
				A8623CDFE21A40F2A2C07E54 /* Copy Pods Resources */,
			);
			buildRules = (
			);
			dependencies = (
			);
			name = SharList;
			productName = SharList;
			productReference = 1A076DB31A0FE20900CD725A /* SharList.app */;
			productType = "com.apple.product-type.application";
		};
		1A076DCB1A0FE20900CD725A /* SharListTests */ = {
			isa = PBXNativeTarget;
			buildConfigurationList = 1A076DD91A0FE20900CD725A /* Build configuration list for PBXNativeTarget "SharListTests" */;
			buildPhases = (
				1A076DC81A0FE20900CD725A /* Sources */,
				1A076DC91A0FE20900CD725A /* Frameworks */,
				1A076DCA1A0FE20900CD725A /* Resources */,
			);
			buildRules = (
			);
			dependencies = (
				1A076DCE1A0FE20900CD725A /* PBXTargetDependency */,
			);
			name = SharListTests;
			productName = SharListTests;
			productReference = 1A076DCC1A0FE20900CD725A /* SharListTests.xctest */;
			productType = "com.apple.product-type.bundle.unit-test";
		};
/* End PBXNativeTarget section */

/* Begin PBXProject section */
		1A076DAB1A0FE20900CD725A /* Project object */ = {
			isa = PBXProject;
			attributes = {
				LastUpgradeCheck = 0600;
				ORGANIZATIONNAME = "Jean-Louis Danielo";
				TargetAttributes = {
					1A076DB21A0FE20900CD725A = {
						CreatedOnToolsVersion = 6.0.1;
					};
					1A076DCB1A0FE20900CD725A = {
						CreatedOnToolsVersion = 6.0.1;
						TestTargetID = 1A076DB21A0FE20900CD725A;
					};
				};
			};
			buildConfigurationList = 1A076DAE1A0FE20900CD725A /* Build configuration list for PBXProject "SharList" */;
			compatibilityVersion = "Xcode 3.2";
			developmentRegion = English;
			hasScannedForEncodings = 0;
			knownRegions = (
				en,
				Base,
			);
			mainGroup = 1A076DAA1A0FE20900CD725A;
			productRefGroup = 1A076DB41A0FE20900CD725A /* Products */;
			projectDirPath = "";
			projectRoot = "";
			targets = (
				1A076DB21A0FE20900CD725A /* SharList */,
				1A076DCB1A0FE20900CD725A /* SharListTests */,
			);
		};
/* End PBXProject section */

/* Begin PBXResourcesBuildPhase section */
		1A076DB11A0FE20900CD725A /* Resources */ = {
			isa = PBXResourcesBuildPhase;
			buildActionMask = 2147483647;
			files = (
				1A076DC21A0FE20900CD725A /* Main.storyboard in Resources */,
				1A0A045D1A12A58400B6F844 /* appBG-2.png in Resources */,
				1A130A9E1A227ED600CB16F2 /* lens-icon.png in Resources */,
				1A076DC71A0FE20900CD725A /* LaunchScreen.xib in Resources */,
				1A3C228B1A118098005B31E4 /* reveal-icon@2x.png in Resources */,
				1A076DDF1A102B1C00CD725A /* appBG.png in Resources */,
				1A0014EA1A156A5E003430E9 /* bb.png in Resources */,
				1A2696F51A1D443F002ADC57 /* triangles-bg.png in Resources */,
				1A1D6E481A10AE930090C598 /* api.json in Resources */,
				1A076DC41A0FE20900CD725A /* Images.xcassets in Resources */,
				1A3C228F1A11AAAC005B31E4 /* invisible-bg.png in Resources */,
				1A3C228A1A118098005B31E4 /* reveal-icon.png in Resources */,
				1A2696F31A1D4396002ADC57 /* triangles-bg@2x.png in Resources */,
			);
			runOnlyForDeploymentPostprocessing = 0;
		};
		1A076DCA1A0FE20900CD725A /* Resources */ = {
			isa = PBXResourcesBuildPhase;
			buildActionMask = 2147483647;
			files = (
			);
			runOnlyForDeploymentPostprocessing = 0;
		};
/* End PBXResourcesBuildPhase section */

/* Begin PBXShellScriptBuildPhase section */
		5A4BC7B221B341E8BB285858 /* Check Pods Manifest.lock */ = {
			isa = PBXShellScriptBuildPhase;
			buildActionMask = 2147483647;
			files = (
			);
			inputPaths = (
			);
			name = "Check Pods Manifest.lock";
			outputPaths = (
			);
			runOnlyForDeploymentPostprocessing = 0;
			shellPath = /bin/sh;
			shellScript = "diff \"${PODS_ROOT}/../Podfile.lock\" \"${PODS_ROOT}/Manifest.lock\" > /dev/null\nif [[ $? != 0 ]] ; then\n    cat << EOM\nerror: The sandbox is not in sync with the Podfile.lock. Run 'pod install' or update your CocoaPods installation.\nEOM\n    exit 1\nfi\n";
			showEnvVarsInLog = 0;
		};
		A8623CDFE21A40F2A2C07E54 /* Copy Pods Resources */ = {
			isa = PBXShellScriptBuildPhase;
			buildActionMask = 2147483647;
			files = (
			);
			inputPaths = (
			);
			name = "Copy Pods Resources";
			outputPaths = (
			);
			runOnlyForDeploymentPostprocessing = 0;
			shellPath = /bin/sh;
			shellScript = "\"${SRCROOT}/Pods/Pods-SharList-resources.sh\"\n";
			showEnvVarsInLog = 0;
		};
/* End PBXShellScriptBuildPhase section */

/* Begin PBXSourcesBuildPhase section */
		1A076DAF1A0FE20900CD725A /* Sources */ = {
			isa = PBXSourcesBuildPhase;
			buildActionMask = 2147483647;
			files = (
				1A1D6E451A1099C00090C598 /* SettingsViewController.m in Sources */,
				1A076DBF1A0FE20900CD725A /* ViewController.m in Sources */,
				1A3C227F1A114027005B31E4 /* UserTaste.xcdatamodeld in Sources */,
				1A0014ED1A157C0F003430E9 /* CCARadialGradientLayer.m in Sources */,
				1A7B09DF1A10DBFB00FA2766 /* ShareListMediaTableViewCell.m in Sources */,
				1A076DBC1A0FE20900CD725A /* AppDelegate.m in Sources */,
				1A3C227C1A113069005B31E4 /* DetailsMediaViewController.m in Sources */,
				1A3C22821A114339005B31E4 /* UserTaste.m in Sources */,
				1A076DB91A0FE20900CD725A /* main.m in Sources */,
				1A4953D41A1EBB9500A0C232 /* ShopButton.m in Sources */,
			);
			runOnlyForDeploymentPostprocessing = 0;
		};
		1A076DC81A0FE20900CD725A /* Sources */ = {
			isa = PBXSourcesBuildPhase;
			buildActionMask = 2147483647;
			files = (
				1A076DD31A0FE20900CD725A /* SharListTests.m in Sources */,
			);
			runOnlyForDeploymentPostprocessing = 0;
		};
/* End PBXSourcesBuildPhase section */

/* Begin PBXTargetDependency section */
		1A076DCE1A0FE20900CD725A /* PBXTargetDependency */ = {
			isa = PBXTargetDependency;
			target = 1A076DB21A0FE20900CD725A /* SharList */;
			targetProxy = 1A076DCD1A0FE20900CD725A /* PBXContainerItemProxy */;
		};
/* End PBXTargetDependency section */

/* Begin PBXVariantGroup section */
		1A076DC01A0FE20900CD725A /* Main.storyboard */ = {
			isa = PBXVariantGroup;
			children = (
				1A076DC11A0FE20900CD725A /* Base */,
			);
			name = Main.storyboard;
			sourceTree = "<group>";
		};
		1A076DC51A0FE20900CD725A /* LaunchScreen.xib */ = {
			isa = PBXVariantGroup;
			children = (
				1A076DC61A0FE20900CD725A /* Base */,
			);
			name = LaunchScreen.xib;
			sourceTree = "<group>";
		};
/* End PBXVariantGroup section */

/* Begin XCBuildConfiguration section */
		1A076DD41A0FE20900CD725A /* Debug */ = {
			isa = XCBuildConfiguration;
			buildSettings = {
				ALWAYS_SEARCH_USER_PATHS = NO;
				CLANG_CXX_LANGUAGE_STANDARD = "gnu++0x";
				CLANG_CXX_LIBRARY = "libc++";
				CLANG_ENABLE_MODULES = YES;
				CLANG_ENABLE_OBJC_ARC = YES;
				CLANG_WARN_BOOL_CONVERSION = YES;
				CLANG_WARN_CONSTANT_CONVERSION = YES;
				CLANG_WARN_DIRECT_OBJC_ISA_USAGE = YES_ERROR;
				CLANG_WARN_EMPTY_BODY = YES;
				CLANG_WARN_ENUM_CONVERSION = YES;
				CLANG_WARN_INT_CONVERSION = YES;
				CLANG_WARN_OBJC_ROOT_CLASS = YES_ERROR;
				CLANG_WARN_UNREACHABLE_CODE = YES;
				CLANG_WARN__DUPLICATE_METHOD_MATCH = YES;
				"CODE_SIGN_IDENTITY[sdk=iphoneos*]" = "iPhone Developer";
				COPY_PHASE_STRIP = NO;
				ENABLE_STRICT_OBJC_MSGSEND = YES;
				GCC_C_LANGUAGE_STANDARD = gnu99;
				GCC_DYNAMIC_NO_PIC = NO;
				GCC_OPTIMIZATION_LEVEL = 0;
				GCC_PREPROCESSOR_DEFINITIONS = (
					"DEBUG=1",
					"$(inherited)",
				);
				GCC_SYMBOLS_PRIVATE_EXTERN = NO;
				GCC_WARN_64_TO_32_BIT_CONVERSION = YES;
				GCC_WARN_ABOUT_RETURN_TYPE = YES_ERROR;
				GCC_WARN_UNDECLARED_SELECTOR = YES;
				GCC_WARN_UNINITIALIZED_AUTOS = YES_AGGRESSIVE;
				GCC_WARN_UNUSED_FUNCTION = YES;
				GCC_WARN_UNUSED_VARIABLE = YES;
				IPHONEOS_DEPLOYMENT_TARGET = 8.0;
				MTL_ENABLE_DEBUG_INFO = YES;
				ONLY_ACTIVE_ARCH = YES;
				SDKROOT = iphoneos;
			};
			name = Debug;
		};
		1A076DD51A0FE20900CD725A /* Release */ = {
			isa = XCBuildConfiguration;
			buildSettings = {
				ALWAYS_SEARCH_USER_PATHS = NO;
				CLANG_CXX_LANGUAGE_STANDARD = "gnu++0x";
				CLANG_CXX_LIBRARY = "libc++";
				CLANG_ENABLE_MODULES = YES;
				CLANG_ENABLE_OBJC_ARC = YES;
				CLANG_WARN_BOOL_CONVERSION = YES;
				CLANG_WARN_CONSTANT_CONVERSION = YES;
				CLANG_WARN_DIRECT_OBJC_ISA_USAGE = YES_ERROR;
				CLANG_WARN_EMPTY_BODY = YES;
				CLANG_WARN_ENUM_CONVERSION = YES;
				CLANG_WARN_INT_CONVERSION = YES;
				CLANG_WARN_OBJC_ROOT_CLASS = YES_ERROR;
				CLANG_WARN_UNREACHABLE_CODE = YES;
				CLANG_WARN__DUPLICATE_METHOD_MATCH = YES;
				"CODE_SIGN_IDENTITY[sdk=iphoneos*]" = "iPhone Developer";
				COPY_PHASE_STRIP = YES;
				ENABLE_NS_ASSERTIONS = NO;
				ENABLE_STRICT_OBJC_MSGSEND = YES;
				GCC_C_LANGUAGE_STANDARD = gnu99;
				GCC_WARN_64_TO_32_BIT_CONVERSION = YES;
				GCC_WARN_ABOUT_RETURN_TYPE = YES_ERROR;
				GCC_WARN_UNDECLARED_SELECTOR = YES;
				GCC_WARN_UNINITIALIZED_AUTOS = YES_AGGRESSIVE;
				GCC_WARN_UNUSED_FUNCTION = YES;
				GCC_WARN_UNUSED_VARIABLE = YES;
				IPHONEOS_DEPLOYMENT_TARGET = 8.0;
				MTL_ENABLE_DEBUG_INFO = NO;
				SDKROOT = iphoneos;
				VALIDATE_PRODUCT = YES;
			};
			name = Release;
		};
		1A076DD71A0FE20900CD725A /* Debug */ = {
			isa = XCBuildConfiguration;
			baseConfigurationReference = A1973845151A40A393F3C152 /* Pods-SharList.xcconfig */;
			buildSettings = {
				ASSETCATALOG_COMPILER_APPICON_NAME = AppIcon;
				GCC_PRECOMPILE_PREFIX_HEADER = YES;
				GCC_PREFIX_HEADER = SharList/PrefixHeader.pch;
				INFOPLIST_FILE = SharList/Info.plist;
				LD_RUNPATH_SEARCH_PATHS = "$(inherited) @executable_path/Frameworks";
				PRODUCT_NAME = "$(TARGET_NAME)";
			};
			name = Debug;
		};
		1A076DD81A0FE20900CD725A /* Release */ = {
			isa = XCBuildConfiguration;
			baseConfigurationReference = A1973845151A40A393F3C152 /* Pods-SharList.xcconfig */;
			buildSettings = {
				ASSETCATALOG_COMPILER_APPICON_NAME = AppIcon;
				GCC_PRECOMPILE_PREFIX_HEADER = YES;
				INFOPLIST_FILE = SharList/Info.plist;
				LD_RUNPATH_SEARCH_PATHS = "$(inherited) @executable_path/Frameworks";
				PRODUCT_NAME = "$(TARGET_NAME)";
			};
			name = Release;
		};
		1A076DDA1A0FE20900CD725A /* Debug */ = {
			isa = XCBuildConfiguration;
			buildSettings = {
				BUNDLE_LOADER = "$(TEST_HOST)";
				FRAMEWORK_SEARCH_PATHS = (
					"$(SDKROOT)/Developer/Library/Frameworks",
					"$(inherited)",
				);
				GCC_PREPROCESSOR_DEFINITIONS = (
					"DEBUG=1",
					"$(inherited)",
				);
				INFOPLIST_FILE = SharListTests/Info.plist;
				LD_RUNPATH_SEARCH_PATHS = "$(inherited) @executable_path/Frameworks @loader_path/Frameworks";
				PRODUCT_NAME = "$(TARGET_NAME)";
				TEST_HOST = "$(BUILT_PRODUCTS_DIR)/SharList.app/SharList";
			};
			name = Debug;
		};
		1A076DDB1A0FE20900CD725A /* Release */ = {
			isa = XCBuildConfiguration;
			buildSettings = {
				BUNDLE_LOADER = "$(TEST_HOST)";
				FRAMEWORK_SEARCH_PATHS = (
					"$(SDKROOT)/Developer/Library/Frameworks",
					"$(inherited)",
				);
				INFOPLIST_FILE = SharListTests/Info.plist;
				LD_RUNPATH_SEARCH_PATHS = "$(inherited) @executable_path/Frameworks @loader_path/Frameworks";
				PRODUCT_NAME = "$(TARGET_NAME)";
				TEST_HOST = "$(BUILT_PRODUCTS_DIR)/SharList.app/SharList";
			};
			name = Release;
		};
/* End XCBuildConfiguration section */

/* Begin XCConfigurationList section */
		1A076DAE1A0FE20900CD725A /* Build configuration list for PBXProject "SharList" */ = {
			isa = XCConfigurationList;
			buildConfigurations = (
				1A076DD41A0FE20900CD725A /* Debug */,
				1A076DD51A0FE20900CD725A /* Release */,
			);
			defaultConfigurationIsVisible = 0;
			defaultConfigurationName = Release;
		};
		1A076DD61A0FE20900CD725A /* Build configuration list for PBXNativeTarget "SharList" */ = {
			isa = XCConfigurationList;
			buildConfigurations = (
				1A076DD71A0FE20900CD725A /* Debug */,
				1A076DD81A0FE20900CD725A /* Release */,
			);
			defaultConfigurationIsVisible = 0;
			defaultConfigurationName = Release;
		};
		1A076DD91A0FE20900CD725A /* Build configuration list for PBXNativeTarget "SharListTests" */ = {
			isa = XCConfigurationList;
			buildConfigurations = (
				1A076DDA1A0FE20900CD725A /* Debug */,
				1A076DDB1A0FE20900CD725A /* Release */,
			);
			defaultConfigurationIsVisible = 0;
			defaultConfigurationName = Release;
		};
/* End XCConfigurationList section */

/* Begin XCVersionGroup section */
		1A3C227D1A114027005B31E4 /* UserTaste.xcdatamodeld */ = {
			isa = XCVersionGroup;
			children = (
				1A3C227E1A114027005B31E4 /* UserTaste.xcdatamodel */,
			);
			currentVersion = 1A3C227E1A114027005B31E4 /* UserTaste.xcdatamodel */;
			path = UserTaste.xcdatamodeld;
			sourceTree = "<group>";
			versionGroupType = wrapper.xcdatamodel;
		};
/* End XCVersionGroup section */
	};
	rootObject = 1A076DAB1A0FE20900CD725A /* Project object */;
}
