// !$*UTF8*$!
{
	archiveVersion = 1;
	classes = {
	};
	objectVersion = 46;
	objects = {

/* Begin PBXBuildFile section */
		1A0014ED1A157C0F003430E9 /* CCARadialGradientLayer.m in Sources */ = {isa = PBXBuildFile; fileRef = 1A0014EC1A157C0F003430E9 /* CCARadialGradientLayer.m */; };
		1A024AB51A3A3EF20098F015 /* NSArray+Reverse.m in Sources */ = {isa = PBXBuildFile; fileRef = 1A024AB41A3A3EF20098F015 /* NSArray+Reverse.m */; };
		1A024AB81A3A52DC0098F015 /* AboutViewController.m in Sources */ = {isa = PBXBuildFile; fileRef = 1A024AB71A3A52DC0098F015 /* AboutViewController.m */; };
		1A076DB91A0FE20900CD725A /* main.m in Sources */ = {isa = PBXBuildFile; fileRef = 1A076DB81A0FE20900CD725A /* main.m */; };
		1A076DBC1A0FE20900CD725A /* AppDelegate.m in Sources */ = {isa = PBXBuildFile; fileRef = 1A076DBB1A0FE20900CD725A /* AppDelegate.m */; };
		1A076DBF1A0FE20900CD725A /* ViewController.m in Sources */ = {isa = PBXBuildFile; fileRef = 1A076DBE1A0FE20900CD725A /* ViewController.m */; };
		1A076DC21A0FE20900CD725A /* Main.storyboard in Resources */ = {isa = PBXBuildFile; fileRef = 1A076DC01A0FE20900CD725A /* Main.storyboard */; };
		1A076DC41A0FE20900CD725A /* Images.xcassets in Resources */ = {isa = PBXBuildFile; fileRef = 1A076DC31A0FE20900CD725A /* Images.xcassets */; };
		1A076DD31A0FE20900CD725A /* SharListTests.m in Sources */ = {isa = PBXBuildFile; fileRef = 1A076DD21A0FE20900CD725A /* SharListTests.m */; };
		1A16754F1A3F93E300AE7A9D /* InfoPlist.strings in Resources */ = {isa = PBXBuildFile; fileRef = 1A1675511A3F93E300AE7A9D /* InfoPlist.strings */; };
		1A16F6491A457C17000BC4AB /* liste-tab-icon@2x.png in Resources */ = {isa = PBXBuildFile; fileRef = 1A16F6481A457C17000BC4AB /* liste-tab-icon@2x.png */; };
		1A16F6571A458482000BC4AB /* list-tab-icon2@2x.png in Resources */ = {isa = PBXBuildFile; fileRef = 1A16F6561A458482000BC4AB /* list-tab-icon2@2x.png */; };
		1A16F65C1A458929000BC4AB /* settings-tab-icon@2x.png in Resources */ = {isa = PBXBuildFile; fileRef = 1A16F65A1A458929000BC4AB /* settings-tab-icon@2x.png */; };
		1A16F65D1A458929000BC4AB /* settings-tab-icon@3x.png in Resources */ = {isa = PBXBuildFile; fileRef = 1A16F65B1A458929000BC4AB /* settings-tab-icon@3x.png */; };
		1A1D6E451A1099C00090C598 /* SettingsViewController.m in Sources */ = {isa = PBXBuildFile; fileRef = 1A1D6E441A1099C00090C598 /* SettingsViewController.m */; };
		1A1D6E481A10AE930090C598 /* api.json in Resources */ = {isa = PBXBuildFile; fileRef = 1A1D6E471A10AE930090C598 /* api.json */; };
		1A2696F31A1D4396002ADC57 /* triangles-bg@2x.png in Resources */ = {isa = PBXBuildFile; fileRef = 1A2696F21A1D4396002ADC57 /* triangles-bg@2x.png */; };
		1A2696F51A1D443F002ADC57 /* triangles-bg.png in Resources */ = {isa = PBXBuildFile; fileRef = 1A2696F41A1D443F002ADC57 /* triangles-bg.png */; };
		1A3C227C1A113069005B31E4 /* DetailsMediaViewController.m in Sources */ = {isa = PBXBuildFile; fileRef = 1A3C227B1A113069005B31E4 /* DetailsMediaViewController.m */; };
		1A3C227F1A114027005B31E4 /* UserTaste.xcdatamodeld in Sources */ = {isa = PBXBuildFile; fileRef = 1A3C227D1A114027005B31E4 /* UserTaste.xcdatamodeld */; };
		1A3C22821A114339005B31E4 /* UserTaste.m in Sources */ = {isa = PBXBuildFile; fileRef = 1A3C22811A114339005B31E4 /* UserTaste.m */; };
		1A4953D41A1EBB9500A0C232 /* ShopButton.m in Sources */ = {isa = PBXBuildFile; fileRef = 1A4953D31A1EBB9500A0C232 /* ShopButton.m */; };
		1A7B09DF1A10DBFB00FA2766 /* ShareListMediaTableViewCell.m in Sources */ = {isa = PBXBuildFile; fileRef = 1A7B09DE1A10DBFB00FA2766 /* ShareListMediaTableViewCell.m */; };
		1A95470D1A29E3A0002AC281 /* lens-icon-message.png in Resources */ = {isa = PBXBuildFile; fileRef = 1A95470A1A29E3A0002AC281 /* lens-icon-message.png */; };
		1A95470E1A29E3A0002AC281 /* lens-icon-message@2x.png in Resources */ = {isa = PBXBuildFile; fileRef = 1A95470B1A29E3A0002AC281 /* lens-icon-message@2x.png */; };
		1A95470F1A29E3A0002AC281 /* lens-icon-message@3x.png in Resources */ = {isa = PBXBuildFile; fileRef = 1A95470C1A29E3A0002AC281 /* lens-icon-message@3x.png */; };
		1A9547131A29E56D002AC281 /* favorite-icon-message.png in Resources */ = {isa = PBXBuildFile; fileRef = 1A9547101A29E56D002AC281 /* favorite-icon-message.png */; };
		1A9547141A29E56D002AC281 /* favorite-icon-message@2x.png in Resources */ = {isa = PBXBuildFile; fileRef = 1A9547111A29E56D002AC281 /* favorite-icon-message@2x.png */; };
		1A9547151A29E56D002AC281 /* favorite-icon-message@3x.png in Resources */ = {isa = PBXBuildFile; fileRef = 1A9547121A29E56D002AC281 /* favorite-icon-message@3x.png */; };
		1A9547191A29E7DD002AC281 /* favorite-icon-message-alt.png in Resources */ = {isa = PBXBuildFile; fileRef = 1A9547161A29E7DD002AC281 /* favorite-icon-message-alt.png */; };
		1A95471A1A29E7DD002AC281 /* favorite-icon-message-alt@2x.png in Resources */ = {isa = PBXBuildFile; fileRef = 1A9547171A29E7DD002AC281 /* favorite-icon-message-alt@2x.png */; };
		1A95471D1A29E8B6002AC281 /* favorite-icon-message-alt@3x.png in Resources */ = {isa = PBXBuildFile; fileRef = 1A95471C1A29E8B6002AC281 /* favorite-icon-message-alt@3x.png */; };
		1A95471F1A29F829002AC281 /* CoreData.framework in Frameworks */ = {isa = PBXBuildFile; fileRef = 1A95471E1A29F829002AC281 /* CoreData.framework */; };
		1A9666461A312302006969A7 /* NSString+SentenceCapitalizedString.m in Sources */ = {isa = PBXBuildFile; fileRef = 1A9666451A312302006969A7 /* NSString+SentenceCapitalizedString.m */; };
		1AB9775B1A2BC69200F41313 /* Localizable.strings in Resources */ = {isa = PBXBuildFile; fileRef = 1AB9775D1A2BC69200F41313 /* Localizable.strings */; };
		1ACDC9041A23D3AA0032B857 /* Settings.plist in Resources */ = {isa = PBXBuildFile; fileRef = 1ACDC9031A23D3AA0032B857 /* Settings.plist */; };
		1ACDC9071A23E6720032B857 /* MeetingsListViewController.m in Sources */ = {isa = PBXBuildFile; fileRef = 1ACDC9061A23E6720032B857 /* MeetingsListViewController.m */; };
		1AE0E1AE1A294071002B4829 /* TrianglesBG@2x.png in Resources */ = {isa = PBXBuildFile; fileRef = 1AE0E1AD1A294071002B4829 /* TrianglesBG@2x.png */; };
		1AE0E1B01A2949CD002B4829 /* TrianglesBG2@2x.png in Resources */ = {isa = PBXBuildFile; fileRef = 1AE0E1AF1A2949CD002B4829 /* TrianglesBG2@2x.png */; };
		1AE9E7A71A2683700072EF91 /* DetailsMeetingViewController.m in Sources */ = {isa = PBXBuildFile; fileRef = 1AE9E7A61A2683700072EF91 /* DetailsMeetingViewController.m */; };
		1AE9E7AB1A26884D0072EF91 /* meetingFavoriteSelected@2x.png in Resources */ = {isa = PBXBuildFile; fileRef = 1AE9E7A91A26884D0072EF91 /* meetingFavoriteSelected@2x.png */; };
		1AE9E7AC1A26884D0072EF91 /* meetingFavoriteUnselected@2x.png in Resources */ = {isa = PBXBuildFile; fileRef = 1AE9E7AA1A26884D0072EF91 /* meetingFavoriteUnselected@2x.png */; };
		1AEB2BC01A4B2580000D7C7B /* FacebookSDKOverrides.bundle in Resources */ = {isa = PBXBuildFile; fileRef = 1AEB2BBF1A4B2580000D7C7B /* FacebookSDKOverrides.bundle */; };
		1AEB8BEC1A3636FA004A94C1 /* UILabel+HeightToFit.m in Sources */ = {isa = PBXBuildFile; fileRef = 1AEB8BEB1A3636FA004A94C1 /* UILabel+HeightToFit.m */; };
		1AF474581A4DCBB0003ED4AF /* trailer-icon@2x.png in Resources */ = {isa = PBXBuildFile; fileRef = 1AF474561A4DCBAF003ED4AF /* trailer-icon@2x.png */; };
		1AF474591A4DCBB0003ED4AF /* trailer-icon@3x.png in Resources */ = {isa = PBXBuildFile; fileRef = 1AF474571A4DCBAF003ED4AF /* trailer-icon@3x.png */; };
		1AF4745C1A4DD424003ED4AF /* UIButton+TrailerID.m in Sources */ = {isa = PBXBuildFile; fileRef = 1AF4745B1A4DD424003ED4AF /* UIButton+TrailerID.m */; };
		1AFE13731A32EEAB006F2366 /* cart-icon@2x.png in Resources */ = {isa = PBXBuildFile; fileRef = 1AFE136F1A32EEAB006F2366 /* cart-icon@2x.png */; };
		1AFE13741A32EEAB006F2366 /* cart-icon@3x.png in Resources */ = {isa = PBXBuildFile; fileRef = 1AFE13701A32EEAB006F2366 /* cart-icon@3x.png */; };
		1AFE13751A32EEAB006F2366 /* meetingFavoriteSelected@3x.png in Resources */ = {isa = PBXBuildFile; fileRef = 1AFE13711A32EEAB006F2366 /* meetingFavoriteSelected@3x.png */; };
		1AFE13761A32EEAB006F2366 /* meetingFavoriteUnselected@3x.png in Resources */ = {isa = PBXBuildFile; fileRef = 1AFE13721A32EEAB006F2366 /* meetingFavoriteUnselected@3x.png */; };
		C972540DD50E496DAA79453E /* libPods-SharList.a in Frameworks */ = {isa = PBXBuildFile; fileRef = C05C0F3990854370BFE3C1AC /* libPods-SharList.a */; };
/* End PBXBuildFile section */

/* Begin PBXContainerItemProxy section */
		1A076DCD1A0FE20900CD725A /* PBXContainerItemProxy */ = {
			isa = PBXContainerItemProxy;
			containerPortal = 1A076DAB1A0FE20900CD725A /* Project object */;
			proxyType = 1;
			remoteGlobalIDString = 1A076DB21A0FE20900CD725A;
			remoteInfo = SharList;
		};
/* End PBXContainerItemProxy section */

/* Begin PBXFileReference section */
		1A0014EB1A157C0F003430E9 /* CCARadialGradientLayer.h */ = {isa = PBXFileReference; fileEncoding = 4; lastKnownFileType = sourcecode.c.h; path = CCARadialGradientLayer.h; sourceTree = "<group>"; };
		1A0014EC1A157C0F003430E9 /* CCARadialGradientLayer.m */ = {isa = PBXFileReference; fileEncoding = 4; lastKnownFileType = sourcecode.c.objc; path = CCARadialGradientLayer.m; sourceTree = "<group>"; };
		1A024AB31A3A3EF20098F015 /* NSArray+Reverse.h */ = {isa = PBXFileReference; fileEncoding = 4; lastKnownFileType = sourcecode.c.h; path = "NSArray+Reverse.h"; sourceTree = "<group>"; };
		1A024AB41A3A3EF20098F015 /* NSArray+Reverse.m */ = {isa = PBXFileReference; fileEncoding = 4; lastKnownFileType = sourcecode.c.objc; path = "NSArray+Reverse.m"; sourceTree = "<group>"; };
		1A024AB61A3A52DC0098F015 /* AboutViewController.h */ = {isa = PBXFileReference; fileEncoding = 4; lastKnownFileType = sourcecode.c.h; path = AboutViewController.h; sourceTree = "<group>"; };
		1A024AB71A3A52DC0098F015 /* AboutViewController.m */ = {isa = PBXFileReference; fileEncoding = 4; lastKnownFileType = sourcecode.c.objc; path = AboutViewController.m; sourceTree = "<group>"; };
		1A076DB31A0FE20900CD725A /* SharList.app */ = {isa = PBXFileReference; explicitFileType = wrapper.application; includeInIndex = 0; path = SharList.app; sourceTree = BUILT_PRODUCTS_DIR; };
		1A076DB71A0FE20900CD725A /* Info.plist */ = {isa = PBXFileReference; lastKnownFileType = text.plist.xml; path = Info.plist; sourceTree = "<group>"; };
		1A076DB81A0FE20900CD725A /* main.m */ = {isa = PBXFileReference; lastKnownFileType = sourcecode.c.objc; path = main.m; sourceTree = "<group>"; };
		1A076DBA1A0FE20900CD725A /* AppDelegate.h */ = {isa = PBXFileReference; lastKnownFileType = sourcecode.c.h; path = AppDelegate.h; sourceTree = "<group>"; };
		1A076DBB1A0FE20900CD725A /* AppDelegate.m */ = {isa = PBXFileReference; lastKnownFileType = sourcecode.c.objc; path = AppDelegate.m; sourceTree = "<group>"; };
		1A076DBD1A0FE20900CD725A /* ViewController.h */ = {isa = PBXFileReference; lastKnownFileType = sourcecode.c.h; path = ViewController.h; sourceTree = "<group>"; };
		1A076DBE1A0FE20900CD725A /* ViewController.m */ = {isa = PBXFileReference; lastKnownFileType = sourcecode.c.objc; path = ViewController.m; sourceTree = "<group>"; };
		1A076DC11A0FE20900CD725A /* Base */ = {isa = PBXFileReference; lastKnownFileType = file.storyboard; name = Base; path = Base.lproj/Main.storyboard; sourceTree = "<group>"; };
		1A076DC31A0FE20900CD725A /* Images.xcassets */ = {isa = PBXFileReference; lastKnownFileType = folder.assetcatalog; path = Images.xcassets; sourceTree = "<group>"; };
		1A076DCC1A0FE20900CD725A /* SharListTests.xctest */ = {isa = PBXFileReference; explicitFileType = wrapper.cfbundle; includeInIndex = 0; path = SharListTests.xctest; sourceTree = BUILT_PRODUCTS_DIR; };
		1A076DD11A0FE20900CD725A /* Info.plist */ = {isa = PBXFileReference; lastKnownFileType = text.plist.xml; path = Info.plist; sourceTree = "<group>"; };
		1A076DD21A0FE20900CD725A /* SharListTests.m */ = {isa = PBXFileReference; lastKnownFileType = sourcecode.c.objc; path = SharListTests.m; sourceTree = "<group>"; };
		1A1675501A3F93E300AE7A9D /* en */ = {isa = PBXFileReference; lastKnownFileType = text.plist.strings; name = en; path = en.lproj/InfoPlist.strings; sourceTree = "<group>"; };
		1A1675521A3F93E800AE7A9D /* fr */ = {isa = PBXFileReference; lastKnownFileType = text.plist.strings; name = fr; path = fr.lproj/InfoPlist.strings; sourceTree = "<group>"; };
		1A16F6481A457C17000BC4AB /* liste-tab-icon@2x.png */ = {isa = PBXFileReference; lastKnownFileType = image.png; path = "liste-tab-icon@2x.png"; sourceTree = "<group>"; };
		1A16F6561A458482000BC4AB /* list-tab-icon2@2x.png */ = {isa = PBXFileReference; lastKnownFileType = image.png; path = "list-tab-icon2@2x.png"; sourceTree = "<group>"; };
		1A16F65A1A458929000BC4AB /* settings-tab-icon@2x.png */ = {isa = PBXFileReference; lastKnownFileType = image.png; path = "settings-tab-icon@2x.png"; sourceTree = "<group>"; };
		1A16F65B1A458929000BC4AB /* settings-tab-icon@3x.png */ = {isa = PBXFileReference; lastKnownFileType = image.png; path = "settings-tab-icon@3x.png"; sourceTree = "<group>"; };
		1A1D6E431A1099C00090C598 /* SettingsViewController.h */ = {isa = PBXFileReference; fileEncoding = 4; lastKnownFileType = sourcecode.c.h; path = SettingsViewController.h; sourceTree = "<group>"; };
		1A1D6E441A1099C00090C598 /* SettingsViewController.m */ = {isa = PBXFileReference; fileEncoding = 4; lastKnownFileType = sourcecode.c.objc; path = SettingsViewController.m; sourceTree = "<group>"; };
		1A1D6E471A10AE930090C598 /* api.json */ = {isa = PBXFileReference; fileEncoding = 4; lastKnownFileType = text.json; path = api.json; sourceTree = "<group>"; };
		1A2696F21A1D4396002ADC57 /* triangles-bg@2x.png */ = {isa = PBXFileReference; lastKnownFileType = image.png; path = "triangles-bg@2x.png"; sourceTree = "<group>"; };
		1A2696F41A1D443F002ADC57 /* triangles-bg.png */ = {isa = PBXFileReference; lastKnownFileType = image.png; path = "triangles-bg.png"; sourceTree = "<group>"; };
		1A3C227A1A113069005B31E4 /* DetailsMediaViewController.h */ = {isa = PBXFileReference; fileEncoding = 4; lastKnownFileType = sourcecode.c.h; path = DetailsMediaViewController.h; sourceTree = "<group>"; };
		1A3C227B1A113069005B31E4 /* DetailsMediaViewController.m */ = {isa = PBXFileReference; fileEncoding = 4; lastKnownFileType = sourcecode.c.objc; path = DetailsMediaViewController.m; sourceTree = "<group>"; };
		1A3C227E1A114027005B31E4 /* UserTaste.xcdatamodel */ = {isa = PBXFileReference; lastKnownFileType = wrapper.xcdatamodel; path = UserTaste.xcdatamodel; sourceTree = "<group>"; };
		1A3C22801A114339005B31E4 /* UserTaste.h */ = {isa = PBXFileReference; fileEncoding = 4; lastKnownFileType = sourcecode.c.h; path = UserTaste.h; sourceTree = "<group>"; };
		1A3C22811A114339005B31E4 /* UserTaste.m */ = {isa = PBXFileReference; fileEncoding = 4; lastKnownFileType = sourcecode.c.objc; path = UserTaste.m; sourceTree = "<group>"; };
		1A3C22841A1147CC005B31E4 /* PrefixHeader.pch */ = {isa = PBXFileReference; lastKnownFileType = sourcecode.c.h; path = PrefixHeader.pch; sourceTree = "<group>"; };
		1A4953D21A1EBB9500A0C232 /* ShopButton.h */ = {isa = PBXFileReference; fileEncoding = 4; lastKnownFileType = sourcecode.c.h; path = ShopButton.h; sourceTree = "<group>"; };
		1A4953D31A1EBB9500A0C232 /* ShopButton.m */ = {isa = PBXFileReference; fileEncoding = 4; lastKnownFileType = sourcecode.c.objc; path = ShopButton.m; sourceTree = "<group>"; };
		1A7B09DD1A10DBFB00FA2766 /* ShareListMediaTableViewCell.h */ = {isa = PBXFileReference; fileEncoding = 4; lastKnownFileType = sourcecode.c.h; path = ShareListMediaTableViewCell.h; sourceTree = "<group>"; };
		1A7B09DE1A10DBFB00FA2766 /* ShareListMediaTableViewCell.m */ = {isa = PBXFileReference; fileEncoding = 4; lastKnownFileType = sourcecode.c.objc; path = ShareListMediaTableViewCell.m; sourceTree = "<group>"; };
		1A95470A1A29E3A0002AC281 /* lens-icon-message.png */ = {isa = PBXFileReference; lastKnownFileType = image.png; path = "lens-icon-message.png"; sourceTree = "<group>"; };
		1A95470B1A29E3A0002AC281 /* lens-icon-message@2x.png */ = {isa = PBXFileReference; lastKnownFileType = image.png; path = "lens-icon-message@2x.png"; sourceTree = "<group>"; };
		1A95470C1A29E3A0002AC281 /* lens-icon-message@3x.png */ = {isa = PBXFileReference; lastKnownFileType = image.png; path = "lens-icon-message@3x.png"; sourceTree = "<group>"; };
		1A9547101A29E56D002AC281 /* favorite-icon-message.png */ = {isa = PBXFileReference; lastKnownFileType = image.png; path = "favorite-icon-message.png"; sourceTree = "<group>"; };
		1A9547111A29E56D002AC281 /* favorite-icon-message@2x.png */ = {isa = PBXFileReference; lastKnownFileType = image.png; path = "favorite-icon-message@2x.png"; sourceTree = "<group>"; };
		1A9547121A29E56D002AC281 /* favorite-icon-message@3x.png */ = {isa = PBXFileReference; lastKnownFileType = image.png; path = "favorite-icon-message@3x.png"; sourceTree = "<group>"; };
		1A9547161A29E7DD002AC281 /* favorite-icon-message-alt.png */ = {isa = PBXFileReference; lastKnownFileType = image.png; path = "favorite-icon-message-alt.png"; sourceTree = "<group>"; };
		1A9547171A29E7DD002AC281 /* favorite-icon-message-alt@2x.png */ = {isa = PBXFileReference; lastKnownFileType = image.png; path = "favorite-icon-message-alt@2x.png"; sourceTree = "<group>"; };
		1A95471C1A29E8B6002AC281 /* favorite-icon-message-alt@3x.png */ = {isa = PBXFileReference; lastKnownFileType = image.png; path = "favorite-icon-message-alt@3x.png"; sourceTree = "<group>"; };
		1A95471E1A29F829002AC281 /* CoreData.framework */ = {isa = PBXFileReference; lastKnownFileType = wrapper.framework; name = CoreData.framework; path = System/Library/Frameworks/CoreData.framework; sourceTree = SDKROOT; };
		1A9666441A312302006969A7 /* NSString+SentenceCapitalizedString.h */ = {isa = PBXFileReference; fileEncoding = 4; lastKnownFileType = sourcecode.c.h; path = "NSString+SentenceCapitalizedString.h"; sourceTree = "<group>"; };
		1A9666451A312302006969A7 /* NSString+SentenceCapitalizedString.m */ = {isa = PBXFileReference; fileEncoding = 4; lastKnownFileType = sourcecode.c.objc; path = "NSString+SentenceCapitalizedString.m"; sourceTree = "<group>"; };
		1AB977591A2BC60000F41313 /* fr */ = {isa = PBXFileReference; lastKnownFileType = text.plist.strings; name = fr; path = fr.lproj/Main.strings; sourceTree = "<group>"; };
		1AB9775C1A2BC69200F41313 /* en */ = {isa = PBXFileReference; lastKnownFileType = text.plist.strings; name = en; path = en.lproj/Localizable.strings; sourceTree = "<group>"; };
		1AB977601A2BCC8100F41313 /* fr */ = {isa = PBXFileReference; lastKnownFileType = text.plist.strings; name = fr; path = fr.lproj/Localizable.strings; sourceTree = "<group>"; };
		1ACDC9031A23D3AA0032B857 /* Settings.plist */ = {isa = PBXFileReference; fileEncoding = 4; lastKnownFileType = text.plist.xml; path = Settings.plist; sourceTree = "<group>"; };
		1ACDC9051A23E6720032B857 /* MeetingsListViewController.h */ = {isa = PBXFileReference; fileEncoding = 4; lastKnownFileType = sourcecode.c.h; path = MeetingsListViewController.h; sourceTree = "<group>"; };
		1ACDC9061A23E6720032B857 /* MeetingsListViewController.m */ = {isa = PBXFileReference; fileEncoding = 4; lastKnownFileType = sourcecode.c.objc; path = MeetingsListViewController.m; sourceTree = "<group>"; };
		1AE0E1AD1A294071002B4829 /* TrianglesBG@2x.png */ = {isa = PBXFileReference; lastKnownFileType = image.png; path = "TrianglesBG@2x.png"; sourceTree = "<group>"; };
		1AE0E1AF1A2949CD002B4829 /* TrianglesBG2@2x.png */ = {isa = PBXFileReference; lastKnownFileType = image.png; path = "TrianglesBG2@2x.png"; sourceTree = "<group>"; };
		1AE9E7A51A2683700072EF91 /* DetailsMeetingViewController.h */ = {isa = PBXFileReference; fileEncoding = 4; lastKnownFileType = sourcecode.c.h; path = DetailsMeetingViewController.h; sourceTree = "<group>"; };
		1AE9E7A61A2683700072EF91 /* DetailsMeetingViewController.m */ = {isa = PBXFileReference; fileEncoding = 4; lastKnownFileType = sourcecode.c.objc; path = DetailsMeetingViewController.m; sourceTree = "<group>"; };
		1AE9E7A91A26884D0072EF91 /* meetingFavoriteSelected@2x.png */ = {isa = PBXFileReference; lastKnownFileType = image.png; path = "meetingFavoriteSelected@2x.png"; sourceTree = "<group>"; };
		1AE9E7AA1A26884D0072EF91 /* meetingFavoriteUnselected@2x.png */ = {isa = PBXFileReference; lastKnownFileType = image.png; path = "meetingFavoriteUnselected@2x.png"; sourceTree = "<group>"; };
		1AEB2BBF1A4B2580000D7C7B /* FacebookSDKOverrides.bundle */ = {isa = PBXFileReference; lastKnownFileType = "wrapper.plug-in"; path = FacebookSDKOverrides.bundle; sourceTree = "<group>"; };
		1AEB8BEA1A3636FA004A94C1 /* UILabel+HeightToFit.h */ = {isa = PBXFileReference; fileEncoding = 4; lastKnownFileType = sourcecode.c.h; path = "UILabel+HeightToFit.h"; sourceTree = "<group>"; };
		1AEB8BEB1A3636FA004A94C1 /* UILabel+HeightToFit.m */ = {isa = PBXFileReference; fileEncoding = 4; lastKnownFileType = sourcecode.c.objc; path = "UILabel+HeightToFit.m"; sourceTree = "<group>"; };
		1AF474561A4DCBAF003ED4AF /* trailer-icon@2x.png */ = {isa = PBXFileReference; lastKnownFileType = image.png; path = "trailer-icon@2x.png"; sourceTree = "<group>"; };
		1AF474571A4DCBAF003ED4AF /* trailer-icon@3x.png */ = {isa = PBXFileReference; lastKnownFileType = image.png; path = "trailer-icon@3x.png"; sourceTree = "<group>"; };
		1AF4745A1A4DD424003ED4AF /* UIButton+TrailerID.h */ = {isa = PBXFileReference; fileEncoding = 4; lastKnownFileType = sourcecode.c.h; path = "UIButton+TrailerID.h"; sourceTree = "<group>"; };
		1AF4745B1A4DD424003ED4AF /* UIButton+TrailerID.m */ = {isa = PBXFileReference; fileEncoding = 4; lastKnownFileType = sourcecode.c.objc; path = "UIButton+TrailerID.m"; sourceTree = "<group>"; };
		1AFE136F1A32EEAB006F2366 /* cart-icon@2x.png */ = {isa = PBXFileReference; lastKnownFileType = image.png; path = "cart-icon@2x.png"; sourceTree = "<group>"; };
		1AFE13701A32EEAB006F2366 /* cart-icon@3x.png */ = {isa = PBXFileReference; lastKnownFileType = image.png; path = "cart-icon@3x.png"; sourceTree = "<group>"; };
		1AFE13711A32EEAB006F2366 /* meetingFavoriteSelected@3x.png */ = {isa = PBXFileReference; lastKnownFileType = image.png; path = "meetingFavoriteSelected@3x.png"; sourceTree = "<group>"; };
		1AFE13721A32EEAB006F2366 /* meetingFavoriteUnselected@3x.png */ = {isa = PBXFileReference; lastKnownFileType = image.png; path = "meetingFavoriteUnselected@3x.png"; sourceTree = "<group>"; };
		5C3B6509700276B65733896C /* Pods-SharList.release.xcconfig */ = {isa = PBXFileReference; includeInIndex = 1; lastKnownFileType = text.xcconfig; name = "Pods-SharList.release.xcconfig"; path = "Pods/Target Support Files/Pods-SharList/Pods-SharList.release.xcconfig"; sourceTree = "<group>"; };
		C05C0F3990854370BFE3C1AC /* libPods-SharList.a */ = {isa = PBXFileReference; explicitFileType = archive.ar; includeInIndex = 0; path = "libPods-SharList.a"; sourceTree = BUILT_PRODUCTS_DIR; };
		E63C45D672D13D6A370E3582 /* Pods-SharList.debug.xcconfig */ = {isa = PBXFileReference; includeInIndex = 1; lastKnownFileType = text.xcconfig; name = "Pods-SharList.debug.xcconfig"; path = "Pods/Target Support Files/Pods-SharList/Pods-SharList.debug.xcconfig"; sourceTree = "<group>"; };
/* End PBXFileReference section */

/* Begin PBXFrameworksBuildPhase section */
		1A076DB01A0FE20900CD725A /* Frameworks */ = {
			isa = PBXFrameworksBuildPhase;
			buildActionMask = 2147483647;
			files = (
				1A95471F1A29F829002AC281 /* CoreData.framework in Frameworks */,
				C972540DD50E496DAA79453E /* libPods-SharList.a in Frameworks */,
			);
			runOnlyForDeploymentPostprocessing = 0;
		};
		1A076DC91A0FE20900CD725A /* Frameworks */ = {
			isa = PBXFrameworksBuildPhase;
			buildActionMask = 2147483647;
			files = (
			);
			runOnlyForDeploymentPostprocessing = 0;
		};
/* End PBXFrameworksBuildPhase section */

/* Begin PBXGroup section */
		1A0014EE1A15819A003430E9 /* Vendors */ = {
			isa = PBXGroup;
			children = (
				1A0014EB1A157C0F003430E9 /* CCARadialGradientLayer.h */,
				1A0014EC1A157C0F003430E9 /* CCARadialGradientLayer.m */,
			);
			name = Vendors;
			sourceTree = "<group>";
		};
		1A076DAA1A0FE20900CD725A = {
			isa = PBXGroup;
			children = (
				1A076DB51A0FE20900CD725A /* SharList */,
				1A076DCF1A0FE20900CD725A /* SharListTests */,
				1A076DB41A0FE20900CD725A /* Products */,
				58C2B6CA8DD147B7BE564C25 /* Frameworks */,
				A82D278344B5E6A0A75945B8 /* Pods */,
			);
			sourceTree = "<group>";
		};
		1A076DB41A0FE20900CD725A /* Products */ = {
			isa = PBXGroup;
			children = (
				1A076DB31A0FE20900CD725A /* SharList.app */,
				1A076DCC1A0FE20900CD725A /* SharListTests.xctest */,
			);
			name = Products;
			sourceTree = "<group>";
		};
		1A076DB51A0FE20900CD725A /* SharList */ = {
			isa = PBXGroup;
			children = (
				1A076DBA1A0FE20900CD725A /* AppDelegate.h */,
				1A076DBB1A0FE20900CD725A /* AppDelegate.m */,
				1A0EFAAD1A32736700FEA01D /* Categories */,
				1ACDC9081A23E6780032B857 /* MeetingsListViewController */,
				1AE9E7A81A2683770072EF91 /* DetailsMeetingViewController */,
				1A3C22791A11303E005B31E4 /* DetailsMediaViewController */,
				1A7B09DC1A10DBCD00FA2766 /* CustomViews */,
				1A076DDD1A102B0B00CD725A /* Images */,
				1A9A63591A37A41B00E47234 /* AboutViewController */,
				1A1D6E461A1099C60090C598 /* SettingsViewController */,
				1A3C22831A114345005B31E4 /* CoreData */,
				1A076DDC1A10113000CD725A /* FirstViewController */,
				1A0014EE1A15819A003430E9 /* Vendors */,
				1A3C22841A1147CC005B31E4 /* PrefixHeader.pch */,
				1A076DC01A0FE20900CD725A /* Main.storyboard */,
				1A076DC31A0FE20900CD725A /* Images.xcassets */,
				1A1D6E471A10AE930090C598 /* api.json */,
				1AEB2BBF1A4B2580000D7C7B /* FacebookSDKOverrides.bundle */,
				1A076DB61A0FE20900CD725A /* Supporting Files */,
			);
			path = SharList;
			sourceTree = "<group>";
		};
		1A076DB61A0FE20900CD725A /* Supporting Files */ = {
			isa = PBXGroup;
			children = (
				1A076DB71A0FE20900CD725A /* Info.plist */,
				1A1675511A3F93E300AE7A9D /* InfoPlist.strings */,
				1A076DB81A0FE20900CD725A /* main.m */,
				1ACDC9031A23D3AA0032B857 /* Settings.plist */,
				1AB9775D1A2BC69200F41313 /* Localizable.strings */,
			);
			name = "Supporting Files";
			sourceTree = "<group>";
		};
		1A076DCF1A0FE20900CD725A /* SharListTests */ = {
			isa = PBXGroup;
			children = (
				1A076DD21A0FE20900CD725A /* SharListTests.m */,
				1A076DD01A0FE20900CD725A /* Supporting Files */,
			);
			path = SharListTests;
			sourceTree = "<group>";
		};
		1A076DD01A0FE20900CD725A /* Supporting Files */ = {
			isa = PBXGroup;
			children = (
				1A076DD11A0FE20900CD725A /* Info.plist */,
			);
			name = "Supporting Files";
			sourceTree = "<group>";
		};
		1A076DDC1A10113000CD725A /* FirstViewController */ = {
			isa = PBXGroup;
			children = (
				1A076DBD1A0FE20900CD725A /* ViewController.h */,
				1A076DBE1A0FE20900CD725A /* ViewController.m */,
			);
			name = FirstViewController;
			sourceTree = "<group>";
		};
		1A076DDD1A102B0B00CD725A /* Images */ = {
			isa = PBXGroup;
			children = (
				1A16F6561A458482000BC4AB /* list-tab-icon2@2x.png */,
				1A16F6481A457C17000BC4AB /* liste-tab-icon@2x.png */,
				1A16F65A1A458929000BC4AB /* settings-tab-icon@2x.png */,
				1A16F65B1A458929000BC4AB /* settings-tab-icon@3x.png */,
				1A9547161A29E7DD002AC281 /* favorite-icon-message-alt.png */,
				1A9547171A29E7DD002AC281 /* favorite-icon-message-alt@2x.png */,
				1A95471C1A29E8B6002AC281 /* favorite-icon-message-alt@3x.png */,
				1A9547101A29E56D002AC281 /* favorite-icon-message.png */,
				1A9547111A29E56D002AC281 /* favorite-icon-message@2x.png */,
				1A9547121A29E56D002AC281 /* favorite-icon-message@3x.png */,
				1A95470A1A29E3A0002AC281 /* lens-icon-message.png */,
				1A95470B1A29E3A0002AC281 /* lens-icon-message@2x.png */,
				1A95470C1A29E3A0002AC281 /* lens-icon-message@3x.png */,
				1AE9E7A91A26884D0072EF91 /* meetingFavoriteSelected@2x.png */,
				1AE9E7AA1A26884D0072EF91 /* meetingFavoriteUnselected@2x.png */,
				1A2696F41A1D443F002ADC57 /* triangles-bg.png */,
				1A2696F21A1D4396002ADC57 /* triangles-bg@2x.png */,
				1AE0E1AD1A294071002B4829 /* TrianglesBG@2x.png */,
				1AE0E1AF1A2949CD002B4829 /* TrianglesBG2@2x.png */,
				1AFE136F1A32EEAB006F2366 /* cart-icon@2x.png */,
				1AFE13701A32EEAB006F2366 /* cart-icon@3x.png */,
				1AFE13711A32EEAB006F2366 /* meetingFavoriteSelected@3x.png */,
				1AFE13721A32EEAB006F2366 /* meetingFavoriteUnselected@3x.png */,
				1AF474561A4DCBAF003ED4AF /* trailer-icon@2x.png */,
				1AF474571A4DCBAF003ED4AF /* trailer-icon@3x.png */,
			);
			name = Images;
			sourceTree = "<group>";
		};
		1A0EFAAD1A32736700FEA01D /* Categories */ = {
			isa = PBXGroup;
			children = (
				1AF4745A1A4DD424003ED4AF /* UIButton+TrailerID.h */,
				1AF4745B1A4DD424003ED4AF /* UIButton+TrailerID.m */,
				1A9666441A312302006969A7 /* NSString+SentenceCapitalizedString.h */,
				1A9666451A312302006969A7 /* NSString+SentenceCapitalizedString.m */,
				1AEB8BEA1A3636FA004A94C1 /* UILabel+HeightToFit.h */,
				1AEB8BEB1A3636FA004A94C1 /* UILabel+HeightToFit.m */,
				1A024AB31A3A3EF20098F015 /* NSArray+Reverse.h */,
				1A024AB41A3A3EF20098F015 /* NSArray+Reverse.m */,
			);
			name = Categories;
			sourceTree = "<group>";
		};
		1A1D6E461A1099C60090C598 /* SettingsViewController */ = {
			isa = PBXGroup;
			children = (
				1A1D6E431A1099C00090C598 /* SettingsViewController.h */,
				1A1D6E441A1099C00090C598 /* SettingsViewController.m */,
			);
			name = SettingsViewController;
			sourceTree = "<group>";
		};
		1A3C22791A11303E005B31E4 /* DetailsMediaViewController */ = {
			isa = PBXGroup;
			children = (
				1A3C227A1A113069005B31E4 /* DetailsMediaViewController.h */,
				1A3C227B1A113069005B31E4 /* DetailsMediaViewController.m */,
			);
			name = DetailsMediaViewController;
			sourceTree = "<group>";
		};
		1A3C22831A114345005B31E4 /* CoreData */ = {
			isa = PBXGroup;
			children = (
				1A3C227D1A114027005B31E4 /* UserTaste.xcdatamodeld */,
				1A3C22801A114339005B31E4 /* UserTaste.h */,
				1A3C22811A114339005B31E4 /* UserTaste.m */,
			);
			name = CoreData;
			sourceTree = "<group>";
		};
		1A7B09DC1A10DBCD00FA2766 /* CustomViews */ = {
			isa = PBXGroup;
			children = (
				1A4953D21A1EBB9500A0C232 /* ShopButton.h */,
				1A4953D31A1EBB9500A0C232 /* ShopButton.m */,
				1A7B09DD1A10DBFB00FA2766 /* ShareListMediaTableViewCell.h */,
				1A7B09DE1A10DBFB00FA2766 /* ShareListMediaTableViewCell.m */,
			);
			name = CustomViews;
			sourceTree = "<group>";
		};
		1A9A63591A37A41B00E47234 /* AboutViewController */ = {
			isa = PBXGroup;
			children = (
				1A024AB61A3A52DC0098F015 /* AboutViewController.h */,
				1A024AB71A3A52DC0098F015 /* AboutViewController.m */,
			);
			name = AboutViewController;
			sourceTree = "<group>";
		};
		1ACDC9081A23E6780032B857 /* MeetingsListViewController */ = {
			isa = PBXGroup;
			children = (
				1ACDC9051A23E6720032B857 /* MeetingsListViewController.h */,
				1ACDC9061A23E6720032B857 /* MeetingsListViewController.m */,
			);
			name = MeetingsListViewController;
			sourceTree = "<group>";
		};
		1AE9E7A81A2683770072EF91 /* DetailsMeetingViewController */ = {
			isa = PBXGroup;
			children = (
				1AE9E7A51A2683700072EF91 /* DetailsMeetingViewController.h */,
				1AE9E7A61A2683700072EF91 /* DetailsMeetingViewController.m */,
			);
			name = DetailsMeetingViewController;
			sourceTree = "<group>";
		};
		58C2B6CA8DD147B7BE564C25 /* Frameworks */ = {
			isa = PBXGroup;
			children = (
				1A95471E1A29F829002AC281 /* CoreData.framework */,
				C05C0F3990854370BFE3C1AC /* libPods-SharList.a */,
			);
			name = Frameworks;
			sourceTree = "<group>";
		};
		A82D278344B5E6A0A75945B8 /* Pods */ = {
			isa = PBXGroup;
			children = (
				E63C45D672D13D6A370E3582 /* Pods-SharList.debug.xcconfig */,
				5C3B6509700276B65733896C /* Pods-SharList.release.xcconfig */,
			);
			name = Pods;
			sourceTree = "<group>";
		};
/* End PBXGroup section */

/* Begin PBXNativeTarget section */
		1A076DB21A0FE20900CD725A /* SharList */ = {
			isa = PBXNativeTarget;
			buildConfigurationList = 1A076DD61A0FE20900CD725A /* Build configuration list for PBXNativeTarget "SharList" */;
			buildPhases = (
				5A4BC7B221B341E8BB285858 /* Check Pods Manifest.lock */,
				1A076DAF1A0FE20900CD725A /* Sources */,
				1A076DB01A0FE20900CD725A /* Frameworks */,
				1A076DB11A0FE20900CD725A /* Resources */,
				A8623CDFE21A40F2A2C07E54 /* Copy Pods Resources */,
			);
			buildRules = (
			);
			dependencies = (
			);
			name = SharList;
			productName = SharList;
			productReference = 1A076DB31A0FE20900CD725A /* SharList.app */;
			productType = "com.apple.product-type.application";
		};
		1A076DCB1A0FE20900CD725A /* SharListTests */ = {
			isa = PBXNativeTarget;
			buildConfigurationList = 1A076DD91A0FE20900CD725A /* Build configuration list for PBXNativeTarget "SharListTests" */;
			buildPhases = (
				1A076DC81A0FE20900CD725A /* Sources */,
				1A076DC91A0FE20900CD725A /* Frameworks */,
				1A076DCA1A0FE20900CD725A /* Resources */,
			);
			buildRules = (
			);
			dependencies = (
				1A076DCE1A0FE20900CD725A /* PBXTargetDependency */,
			);
			name = SharListTests;
			productName = SharListTests;
			productReference = 1A076DCC1A0FE20900CD725A /* SharListTests.xctest */;
			productType = "com.apple.product-type.bundle.unit-test";
		};
/* End PBXNativeTarget section */

/* Begin PBXProject section */
		1A076DAB1A0FE20900CD725A /* Project object */ = {
			isa = PBXProject;
			attributes = {
				LastUpgradeCheck = 0600;
				ORGANIZATIONNAME = "Jean-Louis Danielo";
				TargetAttributes = {
					1A076DB21A0FE20900CD725A = {
						CreatedOnToolsVersion = 6.0.1;
						SystemCapabilities = {
							com.apple.BackgroundModes = {
								enabled = 1;
							};
						};
					};
					1A076DCB1A0FE20900CD725A = {
						CreatedOnToolsVersion = 6.0.1;
						TestTargetID = 1A076DB21A0FE20900CD725A;
					};
				};
			};
			buildConfigurationList = 1A076DAE1A0FE20900CD725A /* Build configuration list for PBXProject "SharList" */;
			compatibilityVersion = "Xcode 3.2";
			developmentRegion = English;
			hasScannedForEncodings = 0;
			knownRegions = (
				en,
				Base,
				fr,
			);
			mainGroup = 1A076DAA1A0FE20900CD725A;
			productRefGroup = 1A076DB41A0FE20900CD725A /* Products */;
			projectDirPath = "";
			projectRoot = "";
			targets = (
				1A076DB21A0FE20900CD725A /* SharList */,
				1A076DCB1A0FE20900CD725A /* SharListTests */,
			);
		};
/* End PBXProject section */

/* Begin PBXResourcesBuildPhase section */
		1A076DB11A0FE20900CD725A /* Resources */ = {
			isa = PBXResourcesBuildPhase;
			buildActionMask = 2147483647;
			files = (
				1A95470E1A29E3A0002AC281 /* lens-icon-message@2x.png in Resources */,
				1A16F6491A457C17000BC4AB /* liste-tab-icon@2x.png in Resources */,
				1A9547141A29E56D002AC281 /* favorite-icon-message@2x.png in Resources */,
				1ACDC9041A23D3AA0032B857 /* Settings.plist in Resources */,
				1A9547151A29E56D002AC281 /* favorite-icon-message@3x.png in Resources */,
				1A16F65D1A458929000BC4AB /* settings-tab-icon@3x.png in Resources */,
				1A16F6571A458482000BC4AB /* list-tab-icon2@2x.png in Resources */,
				1AFE13751A32EEAB006F2366 /* meetingFavoriteSelected@3x.png in Resources */,
				1AB9775B1A2BC69200F41313 /* Localizable.strings in Resources */,
				1A9547131A29E56D002AC281 /* favorite-icon-message.png in Resources */,
				1A076DC21A0FE20900CD725A /* Main.storyboard in Resources */,
				1AFE13761A32EEAB006F2366 /* meetingFavoriteUnselected@3x.png in Resources */,
				1A95471A1A29E7DD002AC281 /* favorite-icon-message-alt@2x.png in Resources */,
				1A9547191A29E7DD002AC281 /* favorite-icon-message-alt.png in Resources */,
				1AE0E1AE1A294071002B4829 /* TrianglesBG@2x.png in Resources */,
				1AE9E7AC1A26884D0072EF91 /* meetingFavoriteUnselected@2x.png in Resources */,
				1A95470D1A29E3A0002AC281 /* lens-icon-message.png in Resources */,
				1AEB2BC01A4B2580000D7C7B /* FacebookSDKOverrides.bundle in Resources */,
				1AE9E7AB1A26884D0072EF91 /* meetingFavoriteSelected@2x.png in Resources */,
				1AFE13741A32EEAB006F2366 /* cart-icon@3x.png in Resources */,
				1AE0E1B01A2949CD002B4829 /* TrianglesBG2@2x.png in Resources */,
				1AFE13731A32EEAB006F2366 /* cart-icon@2x.png in Resources */,
				1A95470F1A29E3A0002AC281 /* lens-icon-message@3x.png in Resources */,
				1AF474581A4DCBB0003ED4AF /* trailer-icon@2x.png in Resources */,
				1A16754F1A3F93E300AE7A9D /* InfoPlist.strings in Resources */,
				1AF474591A4DCBB0003ED4AF /* trailer-icon@3x.png in Resources */,
				1A2696F51A1D443F002ADC57 /* triangles-bg.png in Resources */,
				1A1D6E481A10AE930090C598 /* api.json in Resources */,
				1A076DC41A0FE20900CD725A /* Images.xcassets in Resources */,
				1A95471D1A29E8B6002AC281 /* favorite-icon-message-alt@3x.png in Resources */,
				1A2696F31A1D4396002ADC57 /* triangles-bg@2x.png in Resources */,
				1A16F65C1A458929000BC4AB /* settings-tab-icon@2x.png in Resources */,
			);
			runOnlyForDeploymentPostprocessing = 0;
		};
		1A076DCA1A0FE20900CD725A /* Resources */ = {
			isa = PBXResourcesBuildPhase;
			buildActionMask = 2147483647;
			files = (
			);
			runOnlyForDeploymentPostprocessing = 0;
		};
/* End PBXResourcesBuildPhase section */

/* Begin PBXShellScriptBuildPhase section */
		5A4BC7B221B341E8BB285858 /* Check Pods Manifest.lock */ = {
			isa = PBXShellScriptBuildPhase;
			buildActionMask = 2147483647;
			files = (
			);
			inputPaths = (
			);
			name = "Check Pods Manifest.lock";
			outputPaths = (
			);
			runOnlyForDeploymentPostprocessing = 0;
			shellPath = /bin/sh;
			shellScript = "diff \"${PODS_ROOT}/../Podfile.lock\" \"${PODS_ROOT}/Manifest.lock\" > /dev/null\nif [[ $? != 0 ]] ; then\n    cat << EOM\nerror: The sandbox is not in sync with the Podfile.lock. Run 'pod install' or update your CocoaPods installation.\nEOM\n    exit 1\nfi\n";
			showEnvVarsInLog = 0;
		};
		A8623CDFE21A40F2A2C07E54 /* Copy Pods Resources */ = {
			isa = PBXShellScriptBuildPhase;
			buildActionMask = 2147483647;
			files = (
			);
			inputPaths = (
			);
			name = "Copy Pods Resources";
			outputPaths = (
			);
			runOnlyForDeploymentPostprocessing = 0;
			shellPath = /bin/sh;
			shellScript = "\"${SRCROOT}/Pods/Target Support Files/Pods-SharList/Pods-SharList-resources.sh\"\n";
			showEnvVarsInLog = 0;
		};
/* End PBXShellScriptBuildPhase section */

/* Begin PBXSourcesBuildPhase section */
		1A076DAF1A0FE20900CD725A /* Sources */ = {
			isa = PBXSourcesBuildPhase;
			buildActionMask = 2147483647;
			files = (
				1AF4745C1A4DD424003ED4AF /* UIButton+TrailerID.m in Sources */,
				1ACDC9071A23E6720032B857 /* MeetingsListViewController.m in Sources */,
				1A024AB51A3A3EF20098F015 /* NSArray+Reverse.m in Sources */,
				1A1D6E451A1099C00090C598 /* SettingsViewController.m in Sources */,
				1A076DBF1A0FE20900CD725A /* ViewController.m in Sources */,
				1A3C227F1A114027005B31E4 /* UserTaste.xcdatamodeld in Sources */,
				1A0014ED1A157C0F003430E9 /* CCARadialGradientLayer.m in Sources */,
				1A7B09DF1A10DBFB00FA2766 /* ShareListMediaTableViewCell.m in Sources */,
				1A076DBC1A0FE20900CD725A /* AppDelegate.m in Sources */,
				1AEB8BEC1A3636FA004A94C1 /* UILabel+HeightToFit.m in Sources */,
				1A024AB81A3A52DC0098F015 /* AboutViewController.m in Sources */,
				1A9666461A312302006969A7 /* NSString+SentenceCapitalizedString.m in Sources */,
				1A3C227C1A113069005B31E4 /* DetailsMediaViewController.m in Sources */,
				1A3C22821A114339005B31E4 /* UserTaste.m in Sources */,
				1A076DB91A0FE20900CD725A /* main.m in Sources */,
				1AE9E7A71A2683700072EF91 /* DetailsMeetingViewController.m in Sources */,
				1A4953D41A1EBB9500A0C232 /* ShopButton.m in Sources */,
			);
			runOnlyForDeploymentPostprocessing = 0;
		};
		1A076DC81A0FE20900CD725A /* Sources */ = {
			isa = PBXSourcesBuildPhase;
			buildActionMask = 2147483647;
			files = (
				1A076DD31A0FE20900CD725A /* SharListTests.m in Sources */,
			);
			runOnlyForDeploymentPostprocessing = 0;
		};
/* End PBXSourcesBuildPhase section */

/* Begin PBXTargetDependency section */
		1A076DCE1A0FE20900CD725A /* PBXTargetDependency */ = {
			isa = PBXTargetDependency;
			target = 1A076DB21A0FE20900CD725A /* SharList */;
			targetProxy = 1A076DCD1A0FE20900CD725A /* PBXContainerItemProxy */;
		};
/* End PBXTargetDependency section */

/* Begin PBXVariantGroup section */
		1A076DC01A0FE20900CD725A /* Main.storyboard */ = {
			isa = PBXVariantGroup;
			children = (
				1A076DC11A0FE20900CD725A /* Base */,
				1AB977591A2BC60000F41313 /* fr */,
			);
			name = Main.storyboard;
			sourceTree = "<group>";
		};
		1A1675511A3F93E300AE7A9D /* InfoPlist.strings */ = {
			isa = PBXVariantGroup;
			children = (
				1A1675501A3F93E300AE7A9D /* en */,
				1A1675521A3F93E800AE7A9D /* fr */,
			);
			name = InfoPlist.strings;
			sourceTree = "<group>";
		};
		1AB9775D1A2BC69200F41313 /* Localizable.strings */ = {
			isa = PBXVariantGroup;
			children = (
				1AB9775C1A2BC69200F41313 /* en */,
				1AB977601A2BCC8100F41313 /* fr */,
			);
			name = Localizable.strings;
			sourceTree = "<group>";
		};
/* End PBXVariantGroup section */

/* Begin XCBuildConfiguration section */
		1A076DD41A0FE20900CD725A /* Debug */ = {
			isa = XCBuildConfiguration;
			buildSettings = {
				ALWAYS_SEARCH_USER_PATHS = NO;
				CLANG_CXX_LANGUAGE_STANDARD = "gnu++0x";
				CLANG_CXX_LIBRARY = "libc++";
				CLANG_ENABLE_MODULES = YES;
				CLANG_ENABLE_OBJC_ARC = YES;
				CLANG_WARN_BOOL_CONVERSION = YES;
				CLANG_WARN_CONSTANT_CONVERSION = YES;
				CLANG_WARN_DIRECT_OBJC_ISA_USAGE = YES_ERROR;
				CLANG_WARN_EMPTY_BODY = YES;
				CLANG_WARN_ENUM_CONVERSION = YES;
				CLANG_WARN_INT_CONVERSION = YES;
				CLANG_WARN_OBJC_ROOT_CLASS = YES_ERROR;
				CLANG_WARN_UNREACHABLE_CODE = YES;
				CLANG_WARN__DUPLICATE_METHOD_MATCH = YES;
				"CODE_SIGN_IDENTITY[sdk=iphoneos*]" = "iPhone Developer";
				COPY_PHASE_STRIP = NO;
				ENABLE_STRICT_OBJC_MSGSEND = YES;
				GCC_C_LANGUAGE_STANDARD = gnu99;
				GCC_DYNAMIC_NO_PIC = NO;
				GCC_OPTIMIZATION_LEVEL = 0;
				GCC_PREPROCESSOR_DEFINITIONS = (
					"DEBUG=1",
					"$(inherited)",
				);
				GCC_SYMBOLS_PRIVATE_EXTERN = NO;
				GCC_WARN_64_TO_32_BIT_CONVERSION = YES;
				GCC_WARN_ABOUT_RETURN_TYPE = YES_ERROR;
				GCC_WARN_UNDECLARED_SELECTOR = YES;
				GCC_WARN_UNINITIALIZED_AUTOS = YES_AGGRESSIVE;
				GCC_WARN_UNUSED_FUNCTION = YES;
				GCC_WARN_UNUSED_VARIABLE = YES;
				IPHONEOS_DEPLOYMENT_TARGET = 8.0;
				MTL_ENABLE_DEBUG_INFO = YES;
				ONLY_ACTIVE_ARCH = YES;
				SDKROOT = iphoneos;
			};
			name = Debug;
		};
		1A076DD51A0FE20900CD725A /* Release */ = {
			isa = XCBuildConfiguration;
			buildSettings = {
				ALWAYS_SEARCH_USER_PATHS = NO;
				CLANG_CXX_LANGUAGE_STANDARD = "gnu++0x";
				CLANG_CXX_LIBRARY = "libc++";
				CLANG_ENABLE_MODULES = YES;
				CLANG_ENABLE_OBJC_ARC = YES;
				CLANG_WARN_BOOL_CONVERSION = YES;
				CLANG_WARN_CONSTANT_CONVERSION = YES;
				CLANG_WARN_DIRECT_OBJC_ISA_USAGE = YES_ERROR;
				CLANG_WARN_EMPTY_BODY = YES;
				CLANG_WARN_ENUM_CONVERSION = YES;
				CLANG_WARN_INT_CONVERSION = YES;
				CLANG_WARN_OBJC_ROOT_CLASS = YES_ERROR;
				CLANG_WARN_UNREACHABLE_CODE = YES;
				CLANG_WARN__DUPLICATE_METHOD_MATCH = YES;
				"CODE_SIGN_IDENTITY[sdk=iphoneos*]" = "iPhone Developer";
				COPY_PHASE_STRIP = YES;
				ENABLE_NS_ASSERTIONS = NO;
				ENABLE_STRICT_OBJC_MSGSEND = YES;
				GCC_C_LANGUAGE_STANDARD = gnu99;
				GCC_WARN_64_TO_32_BIT_CONVERSION = YES;
				GCC_WARN_ABOUT_RETURN_TYPE = YES_ERROR;
				GCC_WARN_UNDECLARED_SELECTOR = YES;
				GCC_WARN_UNINITIALIZED_AUTOS = YES_AGGRESSIVE;
				GCC_WARN_UNUSED_FUNCTION = YES;
				GCC_WARN_UNUSED_VARIABLE = YES;
				IPHONEOS_DEPLOYMENT_TARGET = 8.0;
				MTL_ENABLE_DEBUG_INFO = NO;
				SDKROOT = iphoneos;
				VALIDATE_PRODUCT = YES;
			};
			name = Release;
		};
		1A076DD71A0FE20900CD725A /* Debug */ = {
			isa = XCBuildConfiguration;
			baseConfigurationReference = E63C45D672D13D6A370E3582 /* Pods-SharList.debug.xcconfig */;
			buildSettings = {
				ASSETCATALOG_COMPILER_APPICON_NAME = AppIcon;
				ASSETCATALOG_COMPILER_LAUNCHIMAGE_NAME = LaunchImage;
				CLANG_ENABLE_MODULES = YES;
				GCC_PRECOMPILE_PREFIX_HEADER = YES;
				GCC_PREFIX_HEADER = SharList/PrefixHeader.pch;
				INFOPLIST_FILE = SharList/Info.plist;
				LD_RUNPATH_SEARCH_PATHS = "$(inherited) @executable_path/Frameworks";
				PRODUCT_NAME = "$(TARGET_NAME)";
				SWIFT_OBJC_BRIDGING_HEADER = "SharList/SharList-Bridging-Header.h";
				SWIFT_OPTIMIZATION_LEVEL = "-Onone";
				VALID_ARCHS = "armv7 armv7s arm64";
			};
			name = Debug;
		};
		1A076DD81A0FE20900CD725A /* Release */ = {
			isa = XCBuildConfiguration;
			baseConfigurationReference = 5C3B6509700276B65733896C /* Pods-SharList.release.xcconfig */;
			buildSettings = {
				ASSETCATALOG_COMPILER_APPICON_NAME = AppIcon;
				ASSETCATALOG_COMPILER_LAUNCHIMAGE_NAME = LaunchImage;
				CLANG_ENABLE_MODULES = YES;
				GCC_PRECOMPILE_PREFIX_HEADER = YES;
				GCC_PREFIX_HEADER = SharList/PrefixHeader.pch;
				INFOPLIST_FILE = SharList/Info.plist;
				LD_RUNPATH_SEARCH_PATHS = "$(inherited) @executable_path/Frameworks";
				ONLY_ACTIVE_ARCH = YES;
				PRODUCT_NAME = "$(TARGET_NAME)";
				SWIFT_OBJC_BRIDGING_HEADER = "SharList/SharList-Bridging-Header.h";
				VALID_ARCHS = "armv7 armv7s arm64";
			};
			name = Release;
		};
		1A076DDA1A0FE20900CD725A /* Debug */ = {
			isa = XCBuildConfiguration;
			buildSettings = {
				BUNDLE_LOADER = "$(TEST_HOST)";
				FRAMEWORK_SEARCH_PATHS = (
					"$(SDKROOT)/Developer/Library/Frameworks",
					"$(inherited)",
				);
				GCC_PREPROCESSOR_DEFINITIONS = (
					"DEBUG=1",
					"$(inherited)",
				);
				INFOPLIST_FILE = SharListTests/Info.plist;
				LD_RUNPATH_SEARCH_PATHS = "$(inherited) @executable_path/Frameworks @loader_path/Frameworks";
				PRODUCT_NAME = "$(TARGET_NAME)";
				TEST_HOST = "$(BUILT_PRODUCTS_DIR)/SharList.app/SharList";
			};
			name = Debug;
		};
		1A076DDB1A0FE20900CD725A /* Release */ = {
			isa = XCBuildConfiguration;
			buildSettings = {
				BUNDLE_LOADER = "$(TEST_HOST)";
				FRAMEWORK_SEARCH_PATHS = (
					"$(SDKROOT)/Developer/Library/Frameworks",
					"$(inherited)",
				);
				INFOPLIST_FILE = SharListTests/Info.plist;
				LD_RUNPATH_SEARCH_PATHS = "$(inherited) @executable_path/Frameworks @loader_path/Frameworks";
				PRODUCT_NAME = "$(TARGET_NAME)";
				TEST_HOST = "$(BUILT_PRODUCTS_DIR)/SharList.app/SharList";
			};
			name = Release;
		};
/* End XCBuildConfiguration section */

/* Begin XCConfigurationList section */
		1A076DAE1A0FE20900CD725A /* Build configuration list for PBXProject "SharList" */ = {
			isa = XCConfigurationList;
			buildConfigurations = (
				1A076DD41A0FE20900CD725A /* Debug */,
				1A076DD51A0FE20900CD725A /* Release */,
			);
			defaultConfigurationIsVisible = 0;
			defaultConfigurationName = Release;
		};
		1A076DD61A0FE20900CD725A /* Build configuration list for PBXNativeTarget "SharList" */ = {
			isa = XCConfigurationList;
			buildConfigurations = (
				1A076DD71A0FE20900CD725A /* Debug */,
				1A076DD81A0FE20900CD725A /* Release */,
			);
			defaultConfigurationIsVisible = 0;
			defaultConfigurationName = Release;
		};
		1A076DD91A0FE20900CD725A /* Build configuration list for PBXNativeTarget "SharListTests" */ = {
			isa = XCConfigurationList;
			buildConfigurations = (
				1A076DDA1A0FE20900CD725A /* Debug */,
				1A076DDB1A0FE20900CD725A /* Release */,
			);
			defaultConfigurationIsVisible = 0;
			defaultConfigurationName = Release;
		};
/* End XCConfigurationList section */

/* Begin XCVersionGroup section */
		1A3C227D1A114027005B31E4 /* UserTaste.xcdatamodeld */ = {
			isa = XCVersionGroup;
			children = (
				1A3C227E1A114027005B31E4 /* UserTaste.xcdatamodel */,
			);
			currentVersion = 1A3C227E1A114027005B31E4 /* UserTaste.xcdatamodel */;
			path = UserTaste.xcdatamodeld;
			sourceTree = "<group>";
			versionGroupType = wrapper.xcdatamodel;
		};
/* End XCVersionGroup section */
	};
	rootObject = 1A076DAB1A0FE20900CD725A /* Project object */;
}
